PODS:
  - lottie-ios (4.4.0)
  - Socket.IO-Client-Swift (16.1.0):
    - Starscream (~> 4.0.6)
  - Starscream (4.0.6)

DEPENDENCIES:
  - lottie-ios
  - Socket.IO-Client-Swift

SPEC REPOS:
  trunk:
    - lottie-ios
    - Socket.IO-Client-Swift
    - Starscream

SPEC CHECKSUMS:
  lottie-ios: ef1be1f90d54255f08e09d767950e43714661178
  Socket.IO-Client-Swift: ee4b8f80a3db18dd7f32b266ddf273310609443c
  Starscream: fb2c4510bebf908c62bd383bcf05e673720e91fd

PODFILE CHECKSUM: 729a10788cb1f8e6542737caf89bae8f80c472ee

COCOAPODS: 1.13.0
