PODS:
  - lottie-ios (4.4.0)
  - ReachabilitySwift (5.0.0)
  - Socket.IO-Client-Swift (16.1.0):
    - Starscream (~> 4.0.6)
  - Starscream (4.0.6)
  - SwiftLint (0.54.0)

DEPENDENCIES:
  - lottie-ios
  - ReachabilitySwift
  - Socket.IO-Client-Swift
  - SwiftLint

SPEC REPOS:
  trunk:
    - lottie-ios
    - ReachabilitySwift
    - Socket.IO-Client-Swift
    - Starscream
    - SwiftLint

SPEC CHECKSUMS:
  lottie-ios: ef1be1f90d54255f08e09d767950e43714661178
  ReachabilitySwift: 985039c6f7b23a1da463388634119492ff86c825
  Socket.IO-Client-Swift: ee4b8f80a3db18dd7f32b266ddf273310609443c
  Starscream: fb2c4510bebf908c62bd383bcf05e673720e91fd
  SwiftLint: c1de071d9d08c8aba837545f6254315bc900e211

PODFILE CHECKSUM: f70edd2eb33729617bcf961be694b88a63d92da6

COCOAPODS: 1.15.2
