// !$*UTF8*$!
{
	archiveVersion = 1;
	classes = {
	};
	objectVersion = 56;
	objects = {

/* Begin PBXBuildFile section */
		3B011DE62B30BED400BDB732 /* AppDelegate.swift in Sources */ = {isa = PBXBuildFile; fileRef = 3B011DE52B30BED400BDB732 /* AppDelegate.swift */; };
		3B011DE82B30BED400BDB732 /* SceneDelegate.swift in Sources */ = {isa = PBXBuildFile; fileRef = 3B011DE72B30BED400BDB732 /* SceneDelegate.swift */; };
		3B011DEA2B30BED400BDB732 /* PuzzleListViewController.swift in Sources */ = {isa = PBXBuildFile; fileRef = 3B011DE92B30BED400BDB732 /* PuzzleListViewController.swift */; };
		3B011DEF2B30BED500BDB732 /* Assets.xcassets in Resources */ = {isa = PBXBuildFile; fileRef = 3B011DEE2B30BED500BDB732 /* Assets.xcassets */; };
		3B011DFA2B30BFF000BDB732 /* API.swift in Sources */ = {isa = PBXBuildFile; fileRef = 3B011DF92B30BFF000BDB732 /* API.swift */; };
		3B011DFD2B30C02F00BDB732 /* ListPuzzle.swift in Sources */ = {isa = PBXBuildFile; fileRef = 3B011DFC2B30C02F00BDB732 /* ListPuzzle.swift */; };
		3B011DFF2B30C03500BDB732 /* Puzzle.swift in Sources */ = {isa = PBXBuildFile; fileRef = 3B011DFE2B30C03500BDB732 /* Puzzle.swift */; };
		3B011E012B30C04C00BDB732 /* PuzzleStats.swift in Sources */ = {isa = PBXBuildFile; fileRef = 3B011E002B30C04C00BDB732 /* PuzzleStats.swift */; };
		3B19A8772BB31FAB004F2D0D /* LaunchScreen.storyboard in Resources */ = {isa = PBXBuildFile; fileRef = 3B19A8762BB31FAB004F2D0D /* LaunchScreen.storyboard */; };
		3B19D1162BB06D4E000AC250 /* ResetEvent.swift in Sources */ = {isa = PBXBuildFile; fileRef = 3B19D1152BB06D4E000AC250 /* ResetEvent.swift */; };
		3B19D1182BB2ED74000AC250 /* UITableViewDiffableDataSource+LastIndex.swift in Sources */ = {isa = PBXBuildFile; fileRef = 3B19D1172BB2ED74000AC250 /* UITableViewDiffableDataSource+LastIndex.swift */; };
		3B4D818F2B63F01A0098A5DA /* CheckEvent.swift in Sources */ = {isa = PBXBuildFile; fileRef = 3B4D818E2B63F01A0098A5DA /* CheckEvent.swift */; };
		3B581B132B7E61880084EC9B /* TabBarViewController.swift in Sources */ = {isa = PBXBuildFile; fileRef = 3B581B122B7E61880084EC9B /* TabBarViewController.swift */; };
		3B581B152B7E6B380084EC9B /* UserDefaultsOptionalEntryPropertyWrapper.swift in Sources */ = {isa = PBXBuildFile; fileRef = 3B581B142B7E6B380084EC9B /* UserDefaultsOptionalEntryPropertyWrapper.swift */; };
		3B581B192B8444040084EC9B /* Puzzle+FindReferences.swift in Sources */ = {isa = PBXBuildFile; fileRef = 3B581B182B8444040084EC9B /* Puzzle+FindReferences.swift */; };
		3B581B1D2B8E35860084EC9B /* ShowHideAnimationHelpers.swift in Sources */ = {isa = PBXBuildFile; fileRef = 3B581B1C2B8E35860084EC9B /* ShowHideAnimationHelpers.swift */; };
		3B5BD0D82BAA7984006DB214 /* PuzzleMessageCell.swift in Sources */ = {isa = PBXBuildFile; fileRef = 3B5BD0D12BAA7984006DB214 /* PuzzleMessageCell.swift */; };
		3B5BD0D92BAA7984006DB214 /* PuzzleMessagesViewController.swift in Sources */ = {isa = PBXBuildFile; fileRef = 3B5BD0D22BAA7984006DB214 /* PuzzleMessagesViewController.swift */; };
		3B5BD0DA2BAA7984006DB214 /* PuzzleClueListViewController.swift in Sources */ = {isa = PBXBuildFile; fileRef = 3B5BD0D42BAA7984006DB214 /* PuzzleClueListViewController.swift */; };
		3B5BD0DB2BAA7984006DB214 /* PuzzlePlayersViewController.swift in Sources */ = {isa = PBXBuildFile; fileRef = 3B5BD0D52BAA7984006DB214 /* PuzzlePlayersViewController.swift */; };
		3B5BD0DC2BAA7984006DB214 /* PuzzleSideBarViewController.swift in Sources */ = {isa = PBXBuildFile; fileRef = 3B5BD0D62BAA7984006DB214 /* PuzzleSideBarViewController.swift */; };
		3B5BD0DE2BAA7A0A006DB214 /* BaseSettingView.swift in Sources */ = {isa = PBXBuildFile; fileRef = 3B5BD0DD2BAA7A0A006DB214 /* BaseSettingView.swift */; };
		3B5BD0E02BAB1D46006DB214 /* EditableTextSettingView.swift in Sources */ = {isa = PBXBuildFile; fileRef = 3B5BD0DF2BAB1D46006DB214 /* EditableTextSettingView.swift */; };
		3B5BD0E22BAB2004006DB214 /* SingleSelectSettingView.swift in Sources */ = {isa = PBXBuildFile; fileRef = 3B5BD0E12BAB2004006DB214 /* SingleSelectSettingView.swift */; };
		3B5BD0E42BAD2371006DB214 /* Publisher+DidSet.swift in Sources */ = {isa = PBXBuildFile; fileRef = 3B5BD0E32BAD2371006DB214 /* Publisher+DidSet.swift */; };
		3B702AF52BA4819F00F89FB0 /* JoinGameCoordinator.swift in Sources */ = {isa = PBXBuildFile; fileRef = 3B702AF42BA4819F00F89FB0 /* JoinGameCoordinator.swift */; };
		3B702AF72BA48DE800F89FB0 /* JoinConfirmationViewController.swift in Sources */ = {isa = PBXBuildFile; fileRef = 3B702AF62BA48DE800F89FB0 /* JoinConfirmationViewController.swift */; };
		3B73AD7C2B921494005DB5F8 /* LaunchInterstitialViewController.swift in Sources */ = {isa = PBXBuildFile; fileRef = 3B73AD7B2B921494005DB5F8 /* LaunchInterstitialViewController.swift */; };
		3B73AD7F2B922746005DB5F8 /* OnboardingViewController.swift in Sources */ = {isa = PBXBuildFile; fileRef = 3B73AD7E2B922746005DB5F8 /* OnboardingViewController.swift */; };
		3B73AD812B928FF5005DB5F8 /* ColorPickerView.swift in Sources */ = {isa = PBXBuildFile; fileRef = 3B73AD802B928FF5005DB5F8 /* ColorPickerView.swift */; };
		3B73AD832B93E3AB005DB5F8 /* DFACTextLayer.swift in Sources */ = {isa = PBXBuildFile; fileRef = 3B73AD822B93E3AB005DB5F8 /* DFACTextLayer.swift */; };
		3B76C8CA2B9BECD700E60AFD /* UINavigationBar+TitleControl.swift in Sources */ = {isa = PBXBuildFile; fileRef = 3B76C8C92B9BECD700E60AFD /* UINavigationBar+TitleControl.swift */; };
		3B76C8CC2B9BF30C00E60AFD /* PuzzleTitleBarAnimator.swift in Sources */ = {isa = PBXBuildFile; fileRef = 3B76C8CB2B9BF30C00E60AFD /* PuzzleTitleBarAnimator.swift */; };
		3B76C8CE2B9C061500E60AFD /* AccumulatingTapGestureRecognizer.swift in Sources */ = {isa = PBXBuildFile; fileRef = 3B76C8CD2B9C061500E60AFD /* AccumulatingTapGestureRecognizer.swift */; };
		3B76C8D42B9F3F2C00E60AFD /* UIView+PartialSnapshot.swift in Sources */ = {isa = PBXBuildFile; fileRef = 3B76C8D32B9F3F2C00E60AFD /* UIView+PartialSnapshot.swift */; };
		3B7AD2672B597AA4004DEC1A /* UpdateColorEvent.swift in Sources */ = {isa = PBXBuildFile; fileRef = 3B7AD2662B597AA4004DEC1A /* UpdateColorEvent.swift */; };
		3B7AD26A2B597BF0004DEC1A /* SocketIOClient+Utils.swift in Sources */ = {isa = PBXBuildFile; fileRef = 3B7AD2692B597BF0004DEC1A /* SocketIOClient+Utils.swift */; };
		3B9003382B34CDA20088729C /* GameClient.swift in Sources */ = {isa = PBXBuildFile; fileRef = 3B9003372B34CDA20088729C /* GameClient.swift */; };
		3B90033B2B34E9AF0088729C /* UpdateCursorEvent.swift in Sources */ = {isa = PBXBuildFile; fileRef = 3B90033A2B34E9AF0088729C /* UpdateCursorEvent.swift */; };
		3B90033D2B35D5960088729C /* UpdateCellEvent.swift in Sources */ = {isa = PBXBuildFile; fileRef = 3B90033C2B35D5960088729C /* UpdateCellEvent.swift */; };
		3B90033F2B35D5D90088729C /* SharedTypes.swift in Sources */ = {isa = PBXBuildFile; fileRef = 3B90033E2B35D5D90088729C /* SharedTypes.swift */; };
		3B9003412B3627CC0088729C /* SiteInteractor.swift in Sources */ = {isa = PBXBuildFile; fileRef = 3B9003402B3627CC0088729C /* SiteInteractor.swift */; };
		3B9003452B3630D70088729C /* UpdateDisplayNameEvent.swift in Sources */ = {isa = PBXBuildFile; fileRef = 3B9003442B3630D70088729C /* UpdateDisplayNameEvent.swift */; };
		3BAD21272B98BBBB00839504 /* EmptyStateView.swift in Sources */ = {isa = PBXBuildFile; fileRef = 3BAD21262B98BBBB00839504 /* EmptyStateView.swift */; };
		3BB0FCD92B6C5CB300CD907C /* ChatEvent.swift in Sources */ = {isa = PBXBuildFile; fileRef = 3BB0FCD82B6C5CB300CD907C /* ChatEvent.swift */; };
		3BB0FCDD2B6C6DD100CD907C /* PuzzleNewMessageStackView.swift in Sources */ = {isa = PBXBuildFile; fileRef = 3BB0FCDC2B6C6DD100CD907C /* PuzzleNewMessageStackView.swift */; };
		3BB0FCE02B6C9A9A00CD907C /* confetti.json in Resources */ = {isa = PBXBuildFile; fileRef = 3BB0FCDF2B6C9A9A00CD907C /* confetti.json */; };
		3BB0FCE22B6F33AF00CD907C /* PuzzleListQuickFilterBarView.swift in Sources */ = {isa = PBXBuildFile; fileRef = 3BB0FCE12B6F33AF00CD907C /* PuzzleListQuickFilterBarView.swift */; };
		3BB0FCE62B7661A200CD907C /* Config.swift in Sources */ = {isa = PBXBuildFile; fileRef = 3BB0FCE52B7661A200CD907C /* Config.swift */; };
		3BB0FCEB2B76746900CD907C /* SettingsViewController.swift in Sources */ = {isa = PBXBuildFile; fileRef = 3BB0FCEA2B76746900CD907C /* SettingsViewController.swift */; };
		3BB0FCED2B7E5AEB00CD907C /* UserDefaultsEntryPropertyWrapper.swift in Sources */ = {isa = PBXBuildFile; fileRef = 3BB0FCEC2B7E5AEB00CD907C /* UserDefaultsEntryPropertyWrapper.swift */; };
		3BB0FCEF2B7E5B6A00CD907C /* SettingsStorage.swift in Sources */ = {isa = PBXBuildFile; fileRef = 3BB0FCEE2B7E5B6A00CD907C /* SettingsStorage.swift */; };
		3BC12A3E2B613B730060C29F /* PuzzleToolbarView.swift in Sources */ = {isa = PBXBuildFile; fileRef = 3BC12A3D2B613B730060C29F /* PuzzleToolbarView.swift */; };
		3BC12A402B62A9380060C29F /* UIColor+HSL.swift in Sources */ = {isa = PBXBuildFile; fileRef = 3BC12A3F2B62A9380060C29F /* UIColor+HSL.swift */; };
		3BC761B62BA0C422003ACF81 /* RevealEvent.swift in Sources */ = {isa = PBXBuildFile; fileRef = 3BC761B52BA0C422003ACF81 /* RevealEvent.swift */; };
		3BF367302B313374005BB41E /* PuzzleViewController.swift in Sources */ = {isa = PBXBuildFile; fileRef = 3BF3672F2B313374005BB41E /* PuzzleViewController.swift */; };
		3BF367322B313675005BB41E /* PuzzleView.swift in Sources */ = {isa = PBXBuildFile; fileRef = 3BF367312B313675005BB41E /* PuzzleView.swift */; };
		3FBBB0BA39E20B71AA8BC150 /* Pods_DownForACross.framework in Frameworks */ = {isa = PBXBuildFile; fileRef = BCAD19FE3621A683BFFFBB76 /* Pods_DownForACross.framework */; };
/* End PBXBuildFile section */

/* Begin PBXFileReference section */
		2201460A45D1B9953767CD6D /* Pods-DownForACross.release.xcconfig */ = {isa = PBXFileReference; includeInIndex = 1; lastKnownFileType = text.xcconfig; name = "Pods-DownForACross.release.xcconfig"; path = "Target Support Files/Pods-DownForACross/Pods-DownForACross.release.xcconfig"; sourceTree = "<group>"; };
		3B011DE22B30BED400BDB732 /* DownForACross.app */ = {isa = PBXFileReference; explicitFileType = wrapper.application; includeInIndex = 0; path = DownForACross.app; sourceTree = BUILT_PRODUCTS_DIR; };
		3B011DE52B30BED400BDB732 /* AppDelegate.swift */ = {isa = PBXFileReference; lastKnownFileType = sourcecode.swift; path = AppDelegate.swift; sourceTree = "<group>"; };
		3B011DE72B30BED400BDB732 /* SceneDelegate.swift */ = {isa = PBXFileReference; lastKnownFileType = sourcecode.swift; path = SceneDelegate.swift; sourceTree = "<group>"; };
		3B011DE92B30BED400BDB732 /* PuzzleListViewController.swift */ = {isa = PBXFileReference; lastKnownFileType = sourcecode.swift; path = PuzzleListViewController.swift; sourceTree = "<group>"; };
		3B011DEE2B30BED500BDB732 /* Assets.xcassets */ = {isa = PBXFileReference; lastKnownFileType = folder.assetcatalog; path = Assets.xcassets; sourceTree = "<group>"; };
		3B011DF32B30BED500BDB732 /* Info.plist */ = {isa = PBXFileReference; lastKnownFileType = text.plist.xml; path = Info.plist; sourceTree = "<group>"; };
		3B011DF92B30BFF000BDB732 /* API.swift */ = {isa = PBXFileReference; lastKnownFileType = sourcecode.swift; path = API.swift; sourceTree = "<group>"; };
		3B011DFC2B30C02F00BDB732 /* ListPuzzle.swift */ = {isa = PBXFileReference; lastKnownFileType = sourcecode.swift; path = ListPuzzle.swift; sourceTree = "<group>"; };
		3B011DFE2B30C03500BDB732 /* Puzzle.swift */ = {isa = PBXFileReference; lastKnownFileType = sourcecode.swift; path = Puzzle.swift; sourceTree = "<group>"; };
		3B011E002B30C04C00BDB732 /* PuzzleStats.swift */ = {isa = PBXFileReference; lastKnownFileType = sourcecode.swift; path = PuzzleStats.swift; sourceTree = "<group>"; };
		3B19A8762BB31FAB004F2D0D /* LaunchScreen.storyboard */ = {isa = PBXFileReference; lastKnownFileType = file.storyboard; path = LaunchScreen.storyboard; sourceTree = "<group>"; };
		3B19D1152BB06D4E000AC250 /* ResetEvent.swift */ = {isa = PBXFileReference; lastKnownFileType = sourcecode.swift; path = ResetEvent.swift; sourceTree = "<group>"; };
		3B19D1172BB2ED74000AC250 /* UITableViewDiffableDataSource+LastIndex.swift */ = {isa = PBXFileReference; lastKnownFileType = sourcecode.swift; path = "UITableViewDiffableDataSource+LastIndex.swift"; sourceTree = "<group>"; };
		3B4D818E2B63F01A0098A5DA /* CheckEvent.swift */ = {isa = PBXFileReference; lastKnownFileType = sourcecode.swift; path = CheckEvent.swift; sourceTree = "<group>"; };
		3B581B122B7E61880084EC9B /* TabBarViewController.swift */ = {isa = PBXFileReference; lastKnownFileType = sourcecode.swift; path = TabBarViewController.swift; sourceTree = "<group>"; };
		3B581B142B7E6B380084EC9B /* UserDefaultsOptionalEntryPropertyWrapper.swift */ = {isa = PBXFileReference; lastKnownFileType = sourcecode.swift; path = UserDefaultsOptionalEntryPropertyWrapper.swift; sourceTree = "<group>"; };
		3B581B182B8444040084EC9B /* Puzzle+FindReferences.swift */ = {isa = PBXFileReference; lastKnownFileType = sourcecode.swift; path = "Puzzle+FindReferences.swift"; sourceTree = "<group>"; };
		3B581B1C2B8E35860084EC9B /* ShowHideAnimationHelpers.swift */ = {isa = PBXFileReference; lastKnownFileType = sourcecode.swift; path = ShowHideAnimationHelpers.swift; sourceTree = "<group>"; };
		3B5BD0D12BAA7984006DB214 /* PuzzleMessageCell.swift */ = {isa = PBXFileReference; fileEncoding = 4; lastKnownFileType = sourcecode.swift; path = PuzzleMessageCell.swift; sourceTree = "<group>"; };
		3B5BD0D22BAA7984006DB214 /* PuzzleMessagesViewController.swift */ = {isa = PBXFileReference; fileEncoding = 4; lastKnownFileType = sourcecode.swift; path = PuzzleMessagesViewController.swift; sourceTree = "<group>"; };
		3B5BD0D42BAA7984006DB214 /* PuzzleClueListViewController.swift */ = {isa = PBXFileReference; fileEncoding = 4; lastKnownFileType = sourcecode.swift; path = PuzzleClueListViewController.swift; sourceTree = "<group>"; };
		3B5BD0D52BAA7984006DB214 /* PuzzlePlayersViewController.swift */ = {isa = PBXFileReference; fileEncoding = 4; lastKnownFileType = sourcecode.swift; path = PuzzlePlayersViewController.swift; sourceTree = "<group>"; };
		3B5BD0D62BAA7984006DB214 /* PuzzleSideBarViewController.swift */ = {isa = PBXFileReference; fileEncoding = 4; lastKnownFileType = sourcecode.swift; path = PuzzleSideBarViewController.swift; sourceTree = "<group>"; };
		3B5BD0DD2BAA7A0A006DB214 /* BaseSettingView.swift */ = {isa = PBXFileReference; lastKnownFileType = sourcecode.swift; path = BaseSettingView.swift; sourceTree = "<group>"; };
		3B5BD0DF2BAB1D46006DB214 /* EditableTextSettingView.swift */ = {isa = PBXFileReference; lastKnownFileType = sourcecode.swift; path = EditableTextSettingView.swift; sourceTree = "<group>"; };
		3B5BD0E12BAB2004006DB214 /* SingleSelectSettingView.swift */ = {isa = PBXFileReference; lastKnownFileType = sourcecode.swift; path = SingleSelectSettingView.swift; sourceTree = "<group>"; };
		3B5BD0E32BAD2371006DB214 /* Publisher+DidSet.swift */ = {isa = PBXFileReference; lastKnownFileType = sourcecode.swift; path = "Publisher+DidSet.swift"; sourceTree = "<group>"; };
		3B702AF12BA3CDEC00F89FB0 /* Entitlements.entitlements */ = {isa = PBXFileReference; lastKnownFileType = text.plist.entitlements; path = Entitlements.entitlements; sourceTree = "<group>"; };
		3B702AF42BA4819F00F89FB0 /* JoinGameCoordinator.swift */ = {isa = PBXFileReference; lastKnownFileType = sourcecode.swift; path = JoinGameCoordinator.swift; sourceTree = "<group>"; };
		3B702AF62BA48DE800F89FB0 /* JoinConfirmationViewController.swift */ = {isa = PBXFileReference; lastKnownFileType = sourcecode.swift; path = JoinConfirmationViewController.swift; sourceTree = "<group>"; };
		3B73AD7B2B921494005DB5F8 /* LaunchInterstitialViewController.swift */ = {isa = PBXFileReference; lastKnownFileType = sourcecode.swift; path = LaunchInterstitialViewController.swift; sourceTree = "<group>"; };
		3B73AD7E2B922746005DB5F8 /* OnboardingViewController.swift */ = {isa = PBXFileReference; lastKnownFileType = sourcecode.swift; path = OnboardingViewController.swift; sourceTree = "<group>"; };
		3B73AD802B928FF5005DB5F8 /* ColorPickerView.swift */ = {isa = PBXFileReference; lastKnownFileType = sourcecode.swift; path = ColorPickerView.swift; sourceTree = "<group>"; };
		3B73AD822B93E3AB005DB5F8 /* DFACTextLayer.swift */ = {isa = PBXFileReference; lastKnownFileType = sourcecode.swift; path = DFACTextLayer.swift; sourceTree = "<group>"; };
		3B76C8C92B9BECD700E60AFD /* UINavigationBar+TitleControl.swift */ = {isa = PBXFileReference; lastKnownFileType = sourcecode.swift; path = "UINavigationBar+TitleControl.swift"; sourceTree = "<group>"; };
		3B76C8CB2B9BF30C00E60AFD /* PuzzleTitleBarAnimator.swift */ = {isa = PBXFileReference; lastKnownFileType = sourcecode.swift; path = PuzzleTitleBarAnimator.swift; sourceTree = "<group>"; };
		3B76C8CD2B9C061500E60AFD /* AccumulatingTapGestureRecognizer.swift */ = {isa = PBXFileReference; lastKnownFileType = sourcecode.swift; path = AccumulatingTapGestureRecognizer.swift; sourceTree = "<group>"; };
		3B76C8D32B9F3F2C00E60AFD /* UIView+PartialSnapshot.swift */ = {isa = PBXFileReference; lastKnownFileType = sourcecode.swift; path = "UIView+PartialSnapshot.swift"; sourceTree = "<group>"; };
		3B7AD2662B597AA4004DEC1A /* UpdateColorEvent.swift */ = {isa = PBXFileReference; lastKnownFileType = sourcecode.swift; path = UpdateColorEvent.swift; sourceTree = "<group>"; };
		3B7AD2692B597BF0004DEC1A /* SocketIOClient+Utils.swift */ = {isa = PBXFileReference; lastKnownFileType = sourcecode.swift; path = "SocketIOClient+Utils.swift"; sourceTree = "<group>"; };
		3B9003372B34CDA20088729C /* GameClient.swift */ = {isa = PBXFileReference; lastKnownFileType = sourcecode.swift; path = GameClient.swift; sourceTree = "<group>"; };
		3B90033A2B34E9AF0088729C /* UpdateCursorEvent.swift */ = {isa = PBXFileReference; lastKnownFileType = sourcecode.swift; path = UpdateCursorEvent.swift; sourceTree = "<group>"; };
		3B90033C2B35D5960088729C /* UpdateCellEvent.swift */ = {isa = PBXFileReference; lastKnownFileType = sourcecode.swift; path = UpdateCellEvent.swift; sourceTree = "<group>"; };
		3B90033E2B35D5D90088729C /* SharedTypes.swift */ = {isa = PBXFileReference; lastKnownFileType = sourcecode.swift; path = SharedTypes.swift; sourceTree = "<group>"; };
		3B9003402B3627CC0088729C /* SiteInteractor.swift */ = {isa = PBXFileReference; lastKnownFileType = sourcecode.swift; path = SiteInteractor.swift; sourceTree = "<group>"; };
		3B9003442B3630D70088729C /* UpdateDisplayNameEvent.swift */ = {isa = PBXFileReference; lastKnownFileType = sourcecode.swift; path = UpdateDisplayNameEvent.swift; sourceTree = "<group>"; };
		3BAD21262B98BBBB00839504 /* EmptyStateView.swift */ = {isa = PBXFileReference; lastKnownFileType = sourcecode.swift; path = EmptyStateView.swift; sourceTree = "<group>"; };
		3BB0FCD82B6C5CB300CD907C /* ChatEvent.swift */ = {isa = PBXFileReference; lastKnownFileType = sourcecode.swift; path = ChatEvent.swift; sourceTree = "<group>"; };
		3BB0FCDC2B6C6DD100CD907C /* PuzzleNewMessageStackView.swift */ = {isa = PBXFileReference; lastKnownFileType = sourcecode.swift; path = PuzzleNewMessageStackView.swift; sourceTree = "<group>"; };
		3BB0FCDF2B6C9A9A00CD907C /* confetti.json */ = {isa = PBXFileReference; fileEncoding = 4; lastKnownFileType = text.json; path = confetti.json; sourceTree = "<group>"; };
		3BB0FCE12B6F33AF00CD907C /* PuzzleListQuickFilterBarView.swift */ = {isa = PBXFileReference; lastKnownFileType = sourcecode.swift; path = PuzzleListQuickFilterBarView.swift; sourceTree = "<group>"; };
		3BB0FCE52B7661A200CD907C /* Config.swift */ = {isa = PBXFileReference; lastKnownFileType = sourcecode.swift; path = Config.swift; sourceTree = "<group>"; };
		3BB0FCEA2B76746900CD907C /* SettingsViewController.swift */ = {isa = PBXFileReference; lastKnownFileType = sourcecode.swift; path = SettingsViewController.swift; sourceTree = "<group>"; };
		3BB0FCEC2B7E5AEB00CD907C /* UserDefaultsEntryPropertyWrapper.swift */ = {isa = PBXFileReference; lastKnownFileType = sourcecode.swift; path = UserDefaultsEntryPropertyWrapper.swift; sourceTree = "<group>"; };
		3BB0FCEE2B7E5B6A00CD907C /* SettingsStorage.swift */ = {isa = PBXFileReference; lastKnownFileType = sourcecode.swift; path = SettingsStorage.swift; sourceTree = "<group>"; };
		3BC12A3D2B613B730060C29F /* PuzzleToolbarView.swift */ = {isa = PBXFileReference; lastKnownFileType = sourcecode.swift; path = PuzzleToolbarView.swift; sourceTree = "<group>"; };
		3BC12A3F2B62A9380060C29F /* UIColor+HSL.swift */ = {isa = PBXFileReference; lastKnownFileType = sourcecode.swift; path = "UIColor+HSL.swift"; sourceTree = "<group>"; };
		3BC761B52BA0C422003ACF81 /* RevealEvent.swift */ = {isa = PBXFileReference; lastKnownFileType = sourcecode.swift; path = RevealEvent.swift; sourceTree = "<group>"; };
		3BF3672F2B313374005BB41E /* PuzzleViewController.swift */ = {isa = PBXFileReference; lastKnownFileType = sourcecode.swift; path = PuzzleViewController.swift; sourceTree = "<group>"; };
		3BF367312B313675005BB41E /* PuzzleView.swift */ = {isa = PBXFileReference; lastKnownFileType = sourcecode.swift; path = PuzzleView.swift; sourceTree = "<group>"; };
		4D7944475CB6938B17ECC264 /* Pods-DownForACross.debug (local).xcconfig */ = {isa = PBXFileReference; includeInIndex = 1; lastKnownFileType = text.xcconfig; name = "Pods-DownForACross.debug (local).xcconfig"; path = "Target Support Files/Pods-DownForACross/Pods-DownForACross.debug (local).xcconfig"; sourceTree = "<group>"; };
		BCAD19FE3621A683BFFFBB76 /* Pods_DownForACross.framework */ = {isa = PBXFileReference; explicitFileType = wrapper.framework; includeInIndex = 0; path = Pods_DownForACross.framework; sourceTree = BUILT_PRODUCTS_DIR; };
		C680CE75A27F372DF4D5A98A /* Pods-DownForACross.debug.xcconfig */ = {isa = PBXFileReference; includeInIndex = 1; lastKnownFileType = text.xcconfig; name = "Pods-DownForACross.debug.xcconfig"; path = "Target Support Files/Pods-DownForACross/Pods-DownForACross.debug.xcconfig"; sourceTree = "<group>"; };
/* End PBXFileReference section */

/* Begin PBXFrameworksBuildPhase section */
		3B011DDF2B30BED400BDB732 /* Frameworks */ = {
			isa = PBXFrameworksBuildPhase;
			buildActionMask = 2147483647;
			files = (
				3FBBB0BA39E20B71AA8BC150 /* Pods_DownForACross.framework in Frameworks */,
			);
			runOnlyForDeploymentPostprocessing = 0;
		};
/* End PBXFrameworksBuildPhase section */

/* Begin PBXGroup section */
		3B011DD92B30BED400BDB732 = {
			isa = PBXGroup;
			children = (
				3B011DE42B30BED400BDB732 /* DownForACross */,
				3B011DE32B30BED400BDB732 /* Products */,
				53F62DDFE970C11E954F1973 /* Pods */,
				AF62396F0B73A7732F8102B7 /* Frameworks */,
			);
			sourceTree = "<group>";
		};
		3B011DE32B30BED400BDB732 /* Products */ = {
			isa = PBXGroup;
			children = (
				3B011DE22B30BED400BDB732 /* DownForACross.app */,
			);
			name = Products;
			sourceTree = "<group>";
		};
		3B011DE42B30BED400BDB732 /* DownForACross */ = {
			isa = PBXGroup;
			children = (
				3B702AF32BA4818B00F89FB0 /* Deeplinking */,
				3B73AD7D2B92273B005DB5F8 /* Onboarding */,
				3B73AD7A2B921474005DB5F8 /* Launch */,
				3B581B112B7E61760084EC9B /* Tab bar */,
				3BB0FCE72B76745400CD907C /* Settings */,
				3BB0FCDE2B6C9A8E00CD907C /* Animations */,
				3B7AD2682B597BD8004DEC1A /* Utils */,
				3B9003432B3628680088729C /* Puzzle list */,
				3B9003422B3628530088729C /* Puzzle */,
				3B011DFB2B30C01F00BDB732 /* Model */,
				3BC761B72BA3BE1B003ACF81 /* Supporting */,
				3B011DE52B30BED400BDB732 /* AppDelegate.swift */,
				3B011DE72B30BED400BDB732 /* SceneDelegate.swift */,
				3BB0FCE52B7661A200CD907C /* Config.swift */,
				3B011DF92B30BFF000BDB732 /* API.swift */,
			);
			path = DownForACross;
			sourceTree = "<group>";
		};
		3B011DFB2B30C01F00BDB732 /* Model */ = {
			isa = PBXGroup;
			children = (
				3B9003392B34E99B0088729C /* Game Events */,
				3B011DFC2B30C02F00BDB732 /* ListPuzzle.swift */,
				3B011DFE2B30C03500BDB732 /* Puzzle.swift */,
				3B011E002B30C04C00BDB732 /* PuzzleStats.swift */,
			);
			path = Model;
			sourceTree = "<group>";
		};
		3B581B112B7E61760084EC9B /* Tab bar */ = {
			isa = PBXGroup;
			children = (
				3B581B122B7E61880084EC9B /* TabBarViewController.swift */,
			);
			path = "Tab bar";
			sourceTree = "<group>";
		};
		3B5BD0D32BAA7984006DB214 /* Messaging */ = {
			isa = PBXGroup;
			children = (
				3B5BD0D12BAA7984006DB214 /* PuzzleMessageCell.swift */,
				3B5BD0D22BAA7984006DB214 /* PuzzleMessagesViewController.swift */,
			);
			path = Messaging;
			sourceTree = "<group>";
		};
		3B5BD0D72BAA7984006DB214 /* Sidebar */ = {
			isa = PBXGroup;
			children = (
				3B5BD0D32BAA7984006DB214 /* Messaging */,
				3B5BD0D42BAA7984006DB214 /* PuzzleClueListViewController.swift */,
				3B5BD0D52BAA7984006DB214 /* PuzzlePlayersViewController.swift */,
				3B5BD0D62BAA7984006DB214 /* PuzzleSideBarViewController.swift */,
			);
			path = Sidebar;
			sourceTree = "<group>";
		};
		3B702AF32BA4818B00F89FB0 /* Deeplinking */ = {
			isa = PBXGroup;
			children = (
				3B702AF42BA4819F00F89FB0 /* JoinGameCoordinator.swift */,
				3B702AF62BA48DE800F89FB0 /* JoinConfirmationViewController.swift */,
			);
			path = Deeplinking;
			sourceTree = "<group>";
		};
		3B73AD7A2B921474005DB5F8 /* Launch */ = {
			isa = PBXGroup;
			children = (
				3B73AD7B2B921494005DB5F8 /* LaunchInterstitialViewController.swift */,
			);
			path = Launch;
			sourceTree = "<group>";
		};
		3B73AD7D2B92273B005DB5F8 /* Onboarding */ = {
			isa = PBXGroup;
			children = (
				3B73AD7E2B922746005DB5F8 /* OnboardingViewController.swift */,
				3B73AD802B928FF5005DB5F8 /* ColorPickerView.swift */,
			);
			path = Onboarding;
			sourceTree = "<group>";
		};
		3B7AD2682B597BD8004DEC1A /* Utils */ = {
			isa = PBXGroup;
			children = (
				3B9003402B3627CC0088729C /* SiteInteractor.swift */,
				3B76C8CD2B9C061500E60AFD /* AccumulatingTapGestureRecognizer.swift */,
				3B7AD2692B597BF0004DEC1A /* SocketIOClient+Utils.swift */,
				3BC12A3F2B62A9380060C29F /* UIColor+HSL.swift */,
				3BB0FCEC2B7E5AEB00CD907C /* UserDefaultsEntryPropertyWrapper.swift */,
				3B581B142B7E6B380084EC9B /* UserDefaultsOptionalEntryPropertyWrapper.swift */,
				3BB0FCEE2B7E5B6A00CD907C /* SettingsStorage.swift */,
				3B581B182B8444040084EC9B /* Puzzle+FindReferences.swift */,
				3B581B1C2B8E35860084EC9B /* ShowHideAnimationHelpers.swift */,
				3B73AD822B93E3AB005DB5F8 /* DFACTextLayer.swift */,
				3B76C8C92B9BECD700E60AFD /* UINavigationBar+TitleControl.swift */,
				3B76C8D32B9F3F2C00E60AFD /* UIView+PartialSnapshot.swift */,
				3B5BD0E32BAD2371006DB214 /* Publisher+DidSet.swift */,
				3B19D1172BB2ED74000AC250 /* UITableViewDiffableDataSource+LastIndex.swift */,
			);
			path = Utils;
			sourceTree = "<group>";
		};
		3B9003392B34E99B0088729C /* Game Events */ = {
			isa = PBXGroup;
			children = (
				3B4D818E2B63F01A0098A5DA /* CheckEvent.swift */,
				3B90033E2B35D5D90088729C /* SharedTypes.swift */,
				3B90033C2B35D5960088729C /* UpdateCellEvent.swift */,
				3B7AD2662B597AA4004DEC1A /* UpdateColorEvent.swift */,
				3B90033A2B34E9AF0088729C /* UpdateCursorEvent.swift */,
				3B9003442B3630D70088729C /* UpdateDisplayNameEvent.swift */,
				3BB0FCD82B6C5CB300CD907C /* ChatEvent.swift */,
				3BC761B52BA0C422003ACF81 /* RevealEvent.swift */,
				3B19D1152BB06D4E000AC250 /* ResetEvent.swift */,
			);
			path = "Game Events";
			sourceTree = "<group>";
		};
		3B9003422B3628530088729C /* Puzzle */ = {
			isa = PBXGroup;
			children = (
				3B5BD0D72BAA7984006DB214 /* Sidebar */,
				3B9003372B34CDA20088729C /* GameClient.swift */,
				3BF3672F2B313374005BB41E /* PuzzleViewController.swift */,
				3BF367312B313675005BB41E /* PuzzleView.swift */,
				3BC12A3D2B613B730060C29F /* PuzzleToolbarView.swift */,
				3BB0FCDC2B6C6DD100CD907C /* PuzzleNewMessageStackView.swift */,
				3B76C8CB2B9BF30C00E60AFD /* PuzzleTitleBarAnimator.swift */,
			);
			path = Puzzle;
			sourceTree = "<group>";
		};
		3B9003432B3628680088729C /* Puzzle list */ = {
			isa = PBXGroup;
			children = (
				3B011DE92B30BED400BDB732 /* PuzzleListViewController.swift */,
				3BB0FCE12B6F33AF00CD907C /* PuzzleListQuickFilterBarView.swift */,
				3BAD21262B98BBBB00839504 /* EmptyStateView.swift */,
			);
			path = "Puzzle list";
			sourceTree = "<group>";
		};
		3BB0FCDE2B6C9A8E00CD907C /* Animations */ = {
			isa = PBXGroup;
			children = (
				3BB0FCDF2B6C9A9A00CD907C /* confetti.json */,
			);
			path = Animations;
			sourceTree = "<group>";
		};
		3BB0FCE72B76745400CD907C /* Settings */ = {
			isa = PBXGroup;
			children = (
				3BB0FCEA2B76746900CD907C /* SettingsViewController.swift */,
				3B5BD0DD2BAA7A0A006DB214 /* BaseSettingView.swift */,
				3B5BD0DF2BAB1D46006DB214 /* EditableTextSettingView.swift */,
				3B5BD0E12BAB2004006DB214 /* SingleSelectSettingView.swift */,
			);
			path = Settings;
			sourceTree = "<group>";
		};
		3BC761B72BA3BE1B003ACF81 /* Supporting */ = {
			isa = PBXGroup;
			children = (
				3B011DEE2B30BED500BDB732 /* Assets.xcassets */,
				3B19A8762BB31FAB004F2D0D /* LaunchScreen.storyboard */,
				3B011DF32B30BED500BDB732 /* Info.plist */,
				3B702AF12BA3CDEC00F89FB0 /* Entitlements.entitlements */,
			);
			path = Supporting;
			sourceTree = "<group>";
		};
		53F62DDFE970C11E954F1973 /* Pods */ = {
			isa = PBXGroup;
			children = (
				C680CE75A27F372DF4D5A98A /* Pods-DownForACross.debug.xcconfig */,
				2201460A45D1B9953767CD6D /* Pods-DownForACross.release.xcconfig */,
				4D7944475CB6938B17ECC264 /* Pods-DownForACross.debug (local).xcconfig */,
			);
			path = Pods;
			sourceTree = "<group>";
		};
		AF62396F0B73A7732F8102B7 /* Frameworks */ = {
			isa = PBXGroup;
			children = (
				BCAD19FE3621A683BFFFBB76 /* Pods_DownForACross.framework */,
			);
			name = Frameworks;
			sourceTree = "<group>";
		};
/* End PBXGroup section */

/* Begin PBXNativeTarget section */
		3B011DE12B30BED400BDB732 /* DownForACross */ = {
			isa = PBXNativeTarget;
			buildConfigurationList = 3B011DF62B30BED500BDB732 /* Build configuration list for PBXNativeTarget "DownForACross" */;
			buildPhases = (
				5D0106903986FF39A483319D /* [CP] Check Pods Manifest.lock */,
				3B011DDE2B30BED400BDB732 /* Sources */,
				3B011DDF2B30BED400BDB732 /* Frameworks */,
				3B011DE02B30BED400BDB732 /* Resources */,
				2E34759C8A93A009D114CFF1 /* [CP] Embed Pods Frameworks */,
			);
			buildRules = (
			);
			dependencies = (
			);
			name = DownForACross;
			productName = DownForACross;
			productReference = 3B011DE22B30BED400BDB732 /* DownForACross.app */;
			productType = "com.apple.product-type.application";
		};
/* End PBXNativeTarget section */

/* Begin PBXProject section */
		3B011DDA2B30BED400BDB732 /* Project object */ = {
			isa = PBXProject;
			attributes = {
				BuildIndependentTargetsInParallel = 1;
				LastSwiftUpdateCheck = 1510;
				LastUpgradeCheck = 1510;
				TargetAttributes = {
					3B011DE12B30BED400BDB732 = {
						CreatedOnToolsVersion = 15.1;
					};
				};
			};
			buildConfigurationList = 3B011DDD2B30BED400BDB732 /* Build configuration list for PBXProject "DownForACross" */;
			compatibilityVersion = "Xcode 14.0";
			developmentRegion = en;
			hasScannedForEncodings = 0;
			knownRegions = (
				en,
				Base,
			);
			mainGroup = 3B011DD92B30BED400BDB732;
			productRefGroup = 3B011DE32B30BED400BDB732 /* Products */;
			projectDirPath = "";
			projectRoot = "";
			targets = (
				3B011DE12B30BED400BDB732 /* DownForACross */,
			);
		};
/* End PBXProject section */

/* Begin PBXResourcesBuildPhase section */
		3B011DE02B30BED400BDB732 /* Resources */ = {
			isa = PBXResourcesBuildPhase;
			buildActionMask = 2147483647;
			files = (
				3B19A8772BB31FAB004F2D0D /* LaunchScreen.storyboard in Resources */,
				3BB0FCE02B6C9A9A00CD907C /* confetti.json in Resources */,
				3B011DEF2B30BED500BDB732 /* Assets.xcassets in Resources */,
			);
			runOnlyForDeploymentPostprocessing = 0;
		};
/* End PBXResourcesBuildPhase section */

/* Begin PBXShellScriptBuildPhase section */
		2E34759C8A93A009D114CFF1 /* [CP] Embed Pods Frameworks */ = {
			isa = PBXShellScriptBuildPhase;
			buildActionMask = 2147483647;
			files = (
			);
			inputFileListPaths = (
				"${PODS_ROOT}/Target Support Files/Pods-DownForACross/Pods-DownForACross-frameworks-${CONFIGURATION}-input-files.xcfilelist",
			);
			name = "[CP] Embed Pods Frameworks";
			outputFileListPaths = (
				"${PODS_ROOT}/Target Support Files/Pods-DownForACross/Pods-DownForACross-frameworks-${CONFIGURATION}-output-files.xcfilelist",
			);
			runOnlyForDeploymentPostprocessing = 0;
			shellPath = /bin/sh;
			shellScript = "\"${PODS_ROOT}/Target Support Files/Pods-DownForACross/Pods-DownForACross-frameworks.sh\"\n";
			showEnvVarsInLog = 0;
		};
		5D0106903986FF39A483319D /* [CP] Check Pods Manifest.lock */ = {
			isa = PBXShellScriptBuildPhase;
			buildActionMask = 2147483647;
			files = (
			);
			inputFileListPaths = (
			);
			inputPaths = (
				"${PODS_PODFILE_DIR_PATH}/Podfile.lock",
				"${PODS_ROOT}/Manifest.lock",
			);
			name = "[CP] Check Pods Manifest.lock";
			outputFileListPaths = (
			);
			outputPaths = (
				"$(DERIVED_FILE_DIR)/Pods-DownForACross-checkManifestLockResult.txt",
			);
			runOnlyForDeploymentPostprocessing = 0;
			shellPath = /bin/sh;
			shellScript = "diff \"${PODS_PODFILE_DIR_PATH}/Podfile.lock\" \"${PODS_ROOT}/Manifest.lock\" > /dev/null\nif [ $? != 0 ] ; then\n    # print error to STDERR\n    echo \"error: The sandbox is not in sync with the Podfile.lock. Run 'pod install' or update your CocoaPods installation.\" >&2\n    exit 1\nfi\n# This output is used by Xcode 'outputs' to avoid re-running this script phase.\necho \"SUCCESS\" > \"${SCRIPT_OUTPUT_FILE_0}\"\n";
			showEnvVarsInLog = 0;
		};
/* End PBXShellScriptBuildPhase section */

/* Begin PBXSourcesBuildPhase section */
		3B011DDE2B30BED400BDB732 /* Sources */ = {
			isa = PBXSourcesBuildPhase;
			buildActionMask = 2147483647;
			files = (
				3B5BD0E22BAB2004006DB214 /* SingleSelectSettingView.swift in Sources */,
				3B9003452B3630D70088729C /* UpdateDisplayNameEvent.swift in Sources */,
				3B011DEA2B30BED400BDB732 /* PuzzleListViewController.swift in Sources */,
				3BB0FCE62B7661A200CD907C /* Config.swift in Sources */,
				3B90033D2B35D5960088729C /* UpdateCellEvent.swift in Sources */,
				3BC12A402B62A9380060C29F /* UIColor+HSL.swift in Sources */,
				3BB0FCD92B6C5CB300CD907C /* ChatEvent.swift in Sources */,
				3B011DE62B30BED400BDB732 /* AppDelegate.swift in Sources */,
				3B9003412B3627CC0088729C /* SiteInteractor.swift in Sources */,
				3BB0FCEF2B7E5B6A00CD907C /* SettingsStorage.swift in Sources */,
				3B581B152B7E6B380084EC9B /* UserDefaultsOptionalEntryPropertyWrapper.swift in Sources */,
				3B76C8D42B9F3F2C00E60AFD /* UIView+PartialSnapshot.swift in Sources */,
				3B73AD812B928FF5005DB5F8 /* ColorPickerView.swift in Sources */,
				3BC761B62BA0C422003ACF81 /* RevealEvent.swift in Sources */,
				3B5BD0D82BAA7984006DB214 /* PuzzleMessageCell.swift in Sources */,
				3B73AD7C2B921494005DB5F8 /* LaunchInterstitialViewController.swift in Sources */,
				3B19D1182BB2ED74000AC250 /* UITableViewDiffableDataSource+LastIndex.swift in Sources */,
				3B76C8CC2B9BF30C00E60AFD /* PuzzleTitleBarAnimator.swift in Sources */,
				3B73AD832B93E3AB005DB5F8 /* DFACTextLayer.swift in Sources */,
				3BAD21272B98BBBB00839504 /* EmptyStateView.swift in Sources */,
				3B7AD2672B597AA4004DEC1A /* UpdateColorEvent.swift in Sources */,
				3BF367322B313675005BB41E /* PuzzleView.swift in Sources */,
				3B90033F2B35D5D90088729C /* SharedTypes.swift in Sources */,
				3B7AD26A2B597BF0004DEC1A /* SocketIOClient+Utils.swift in Sources */,
				3B19D1162BB06D4E000AC250 /* ResetEvent.swift in Sources */,
				3B76C8CE2B9C061500E60AFD /* AccumulatingTapGestureRecognizer.swift in Sources */,
				3B5BD0DB2BAA7984006DB214 /* PuzzlePlayersViewController.swift in Sources */,
				3B011DFA2B30BFF000BDB732 /* API.swift in Sources */,
				3B4D818F2B63F01A0098A5DA /* CheckEvent.swift in Sources */,
				3BB0FCDD2B6C6DD100CD907C /* PuzzleNewMessageStackView.swift in Sources */,
				3B9003382B34CDA20088729C /* GameClient.swift in Sources */,
				3B011DFF2B30C03500BDB732 /* Puzzle.swift in Sources */,
				3B73AD7F2B922746005DB5F8 /* OnboardingViewController.swift in Sources */,
				3B011E012B30C04C00BDB732 /* PuzzleStats.swift in Sources */,
				3B702AF52BA4819F00F89FB0 /* JoinGameCoordinator.swift in Sources */,
				3B011DE82B30BED400BDB732 /* SceneDelegate.swift in Sources */,
				3B581B1D2B8E35860084EC9B /* ShowHideAnimationHelpers.swift in Sources */,
				3BF367302B313374005BB41E /* PuzzleViewController.swift in Sources */,
				3B5BD0DE2BAA7A0A006DB214 /* BaseSettingView.swift in Sources */,
				3BB0FCE22B6F33AF00CD907C /* PuzzleListQuickFilterBarView.swift in Sources */,
				3B76C8CA2B9BECD700E60AFD /* UINavigationBar+TitleControl.swift in Sources */,
				3B011DFD2B30C02F00BDB732 /* ListPuzzle.swift in Sources */,
				3B702AF72BA48DE800F89FB0 /* JoinConfirmationViewController.swift in Sources */,
				3BB0FCED2B7E5AEB00CD907C /* UserDefaultsEntryPropertyWrapper.swift in Sources */,
				3B5BD0D92BAA7984006DB214 /* PuzzleMessagesViewController.swift in Sources */,
				3B5BD0E42BAD2371006DB214 /* Publisher+DidSet.swift in Sources */,
				3B5BD0E02BAB1D46006DB214 /* EditableTextSettingView.swift in Sources */,
				3BB0FCEB2B76746900CD907C /* SettingsViewController.swift in Sources */,
				3B5BD0DA2BAA7984006DB214 /* PuzzleClueListViewController.swift in Sources */,
				3BC12A3E2B613B730060C29F /* PuzzleToolbarView.swift in Sources */,
				3B90033B2B34E9AF0088729C /* UpdateCursorEvent.swift in Sources */,
				3B5BD0DC2BAA7984006DB214 /* PuzzleSideBarViewController.swift in Sources */,
				3B581B132B7E61880084EC9B /* TabBarViewController.swift in Sources */,
				3B581B192B8444040084EC9B /* Puzzle+FindReferences.swift in Sources */,
			);
			runOnlyForDeploymentPostprocessing = 0;
		};
/* End PBXSourcesBuildPhase section */

/* Begin XCBuildConfiguration section */
		3B011DF42B30BED500BDB732 /* Debug */ = {
			isa = XCBuildConfiguration;
			buildSettings = {
				ALWAYS_SEARCH_USER_PATHS = NO;
				ASSETCATALOG_COMPILER_GENERATE_SWIFT_ASSET_SYMBOL_EXTENSIONS = YES;
				CLANG_ANALYZER_NONNULL = YES;
				CLANG_ANALYZER_NUMBER_OBJECT_CONVERSION = YES_AGGRESSIVE;
				CLANG_CXX_LANGUAGE_STANDARD = "gnu++20";
				CLANG_ENABLE_MODULES = YES;
				CLANG_ENABLE_OBJC_ARC = YES;
				CLANG_ENABLE_OBJC_WEAK = YES;
				CLANG_WARN_BLOCK_CAPTURE_AUTORELEASING = YES;
				CLANG_WARN_BOOL_CONVERSION = YES;
				CLANG_WARN_COMMA = YES;
				CLANG_WARN_CONSTANT_CONVERSION = YES;
				CLANG_WARN_DEPRECATED_OBJC_IMPLEMENTATIONS = YES;
				CLANG_WARN_DIRECT_OBJC_ISA_USAGE = YES_ERROR;
				CLANG_WARN_DOCUMENTATION_COMMENTS = YES;
				CLANG_WARN_EMPTY_BODY = YES;
				CLANG_WARN_ENUM_CONVERSION = YES;
				CLANG_WARN_INFINITE_RECURSION = YES;
				CLANG_WARN_INT_CONVERSION = YES;
				CLANG_WARN_NON_LITERAL_NULL_CONVERSION = YES;
				CLANG_WARN_OBJC_IMPLICIT_RETAIN_SELF = YES;
				CLANG_WARN_OBJC_LITERAL_CONVERSION = YES;
				CLANG_WARN_OBJC_ROOT_CLASS = YES_ERROR;
				CLANG_WARN_QUOTED_INCLUDE_IN_FRAMEWORK_HEADER = YES;
				CLANG_WARN_RANGE_LOOP_ANALYSIS = YES;
				CLANG_WARN_STRICT_PROTOTYPES = YES;
				CLANG_WARN_SUSPICIOUS_MOVE = YES;
				CLANG_WARN_UNGUARDED_AVAILABILITY = YES_AGGRESSIVE;
				CLANG_WARN_UNREACHABLE_CODE = YES;
				CLANG_WARN__DUPLICATE_METHOD_MATCH = YES;
				CODE_SIGN_STYLE = Manual;
				COPY_PHASE_STRIP = NO;
				DEBUG_INFORMATION_FORMAT = dwarf;
				ENABLE_STRICT_OBJC_MSGSEND = YES;
				ENABLE_TESTABILITY = YES;
				ENABLE_USER_SCRIPT_SANDBOXING = YES;
				GCC_C_LANGUAGE_STANDARD = gnu17;
				GCC_DYNAMIC_NO_PIC = NO;
				GCC_NO_COMMON_BLOCKS = YES;
				GCC_OPTIMIZATION_LEVEL = 0;
				GCC_PREPROCESSOR_DEFINITIONS = (
					"DEBUG=1",
					"$(inherited)",
				);
				GCC_WARN_64_TO_32_BIT_CONVERSION = YES;
				GCC_WARN_ABOUT_RETURN_TYPE = YES_ERROR;
				GCC_WARN_UNDECLARED_SELECTOR = YES;
				GCC_WARN_UNINITIALIZED_AUTOS = YES_AGGRESSIVE;
				GCC_WARN_UNUSED_FUNCTION = YES;
				GCC_WARN_UNUSED_VARIABLE = YES;
				IPHONEOS_DEPLOYMENT_TARGET = 17.2;
				LOCALIZATION_PREFERS_STRING_CATALOGS = YES;
				MTL_ENABLE_DEBUG_INFO = INCLUDE_SOURCE;
				MTL_FAST_MATH = YES;
				ONLY_ACTIVE_ARCH = YES;
				SDKROOT = iphoneos;
				SWIFT_ACTIVE_COMPILATION_CONDITIONS = "DEBUG $(inherited)";
				SWIFT_OPTIMIZATION_LEVEL = "-Onone";
			};
			name = Debug;
		};
		3B011DF52B30BED500BDB732 /* Release */ = {
			isa = XCBuildConfiguration;
			buildSettings = {
				ALWAYS_SEARCH_USER_PATHS = NO;
				ASSETCATALOG_COMPILER_GENERATE_SWIFT_ASSET_SYMBOL_EXTENSIONS = YES;
				CLANG_ANALYZER_NONNULL = YES;
				CLANG_ANALYZER_NUMBER_OBJECT_CONVERSION = YES_AGGRESSIVE;
				CLANG_CXX_LANGUAGE_STANDARD = "gnu++20";
				CLANG_ENABLE_MODULES = YES;
				CLANG_ENABLE_OBJC_ARC = YES;
				CLANG_ENABLE_OBJC_WEAK = YES;
				CLANG_WARN_BLOCK_CAPTURE_AUTORELEASING = YES;
				CLANG_WARN_BOOL_CONVERSION = YES;
				CLANG_WARN_COMMA = YES;
				CLANG_WARN_CONSTANT_CONVERSION = YES;
				CLANG_WARN_DEPRECATED_OBJC_IMPLEMENTATIONS = YES;
				CLANG_WARN_DIRECT_OBJC_ISA_USAGE = YES_ERROR;
				CLANG_WARN_DOCUMENTATION_COMMENTS = YES;
				CLANG_WARN_EMPTY_BODY = YES;
				CLANG_WARN_ENUM_CONVERSION = YES;
				CLANG_WARN_INFINITE_RECURSION = YES;
				CLANG_WARN_INT_CONVERSION = YES;
				CLANG_WARN_NON_LITERAL_NULL_CONVERSION = YES;
				CLANG_WARN_OBJC_IMPLICIT_RETAIN_SELF = YES;
				CLANG_WARN_OBJC_LITERAL_CONVERSION = YES;
				CLANG_WARN_OBJC_ROOT_CLASS = YES_ERROR;
				CLANG_WARN_QUOTED_INCLUDE_IN_FRAMEWORK_HEADER = YES;
				CLANG_WARN_RANGE_LOOP_ANALYSIS = YES;
				CLANG_WARN_STRICT_PROTOTYPES = YES;
				CLANG_WARN_SUSPICIOUS_MOVE = YES;
				CLANG_WARN_UNGUARDED_AVAILABILITY = YES_AGGRESSIVE;
				CLANG_WARN_UNREACHABLE_CODE = YES;
				CLANG_WARN__DUPLICATE_METHOD_MATCH = YES;
				CODE_SIGN_STYLE = Manual;
				COPY_PHASE_STRIP = NO;
				DEBUG_INFORMATION_FORMAT = "dwarf-with-dsym";
				ENABLE_NS_ASSERTIONS = NO;
				ENABLE_STRICT_OBJC_MSGSEND = YES;
				ENABLE_USER_SCRIPT_SANDBOXING = YES;
				GCC_C_LANGUAGE_STANDARD = gnu17;
				GCC_NO_COMMON_BLOCKS = YES;
				GCC_WARN_64_TO_32_BIT_CONVERSION = YES;
				GCC_WARN_ABOUT_RETURN_TYPE = YES_ERROR;
				GCC_WARN_UNDECLARED_SELECTOR = YES;
				GCC_WARN_UNINITIALIZED_AUTOS = YES_AGGRESSIVE;
				GCC_WARN_UNUSED_FUNCTION = YES;
				GCC_WARN_UNUSED_VARIABLE = YES;
				IPHONEOS_DEPLOYMENT_TARGET = 17.2;
				LOCALIZATION_PREFERS_STRING_CATALOGS = YES;
				MTL_ENABLE_DEBUG_INFO = NO;
				MTL_FAST_MATH = YES;
				SDKROOT = iphoneos;
				SWIFT_COMPILATION_MODE = wholemodule;
				VALIDATE_PRODUCT = YES;
			};
			name = Release;
		};
		3B011DF72B30BED500BDB732 /* Debug */ = {
			isa = XCBuildConfiguration;
			baseConfigurationReference = C680CE75A27F372DF4D5A98A /* Pods-DownForACross.debug.xcconfig */;
			buildSettings = {
				ASSETCATALOG_COMPILER_APPICON_NAME = AppIcon;
				ASSETCATALOG_COMPILER_GLOBAL_ACCENT_COLOR_NAME = AccentColor;
				CODE_SIGN_ENTITLEMENTS = "${SRCROOT}/DownForACross/Supporting/Entitlements.entitlements";
				CODE_SIGN_IDENTITY = "Apple Development: Justin Hill (2C45PT62RN)";
				CURRENT_PROJECT_VERSION = 3;
				"DEVELOPMENT_TEAM[sdk=iphoneos*]" = 6ET9AKX465;
				ENABLE_USER_SCRIPT_SANDBOXING = NO;
				GENERATE_INFOPLIST_FILE = YES;
				INFOPLIST_FILE = DownForACross/Supporting/Info.plist;
				INFOPLIST_KEY_UIApplicationSupportsIndirectInputEvents = YES;
				INFOPLIST_KEY_UILaunchStoryboardName = LaunchScreen;
				INFOPLIST_KEY_UISupportedInterfaceOrientations_iPad = "UIInterfaceOrientationPortrait UIInterfaceOrientationPortraitUpsideDown UIInterfaceOrientationLandscapeLeft UIInterfaceOrientationLandscapeRight";
				INFOPLIST_KEY_UISupportedInterfaceOrientations_iPhone = "UIInterfaceOrientationPortrait UIInterfaceOrientationLandscapeLeft UIInterfaceOrientationLandscapeRight";
				LD_RUNPATH_SEARCH_PATHS = (
					"$(inherited)",
					"@executable_path/Frameworks",
				);
				MARKETING_VERSION = 0.1.0;
				PRODUCT_BUNDLE_IDENTIFIER = com.justinhill.DownForACross;
				PRODUCT_NAME = "$(TARGET_NAME)";
				PROVISIONING_PROFILE_SPECIFIER = "DFAC Development";
				"PROVISIONING_PROFILE_SPECIFIER[sdk=iphoneos*]" = "DFAC Development";
				SWIFT_EMIT_LOC_STRINGS = YES;
				SWIFT_VERSION = 5.0;
				TARGETED_DEVICE_FAMILY = "1,2";
			};
			name = Debug;
		};
		3B011DF82B30BED500BDB732 /* Release */ = {
			isa = XCBuildConfiguration;
			baseConfigurationReference = 2201460A45D1B9953767CD6D /* Pods-DownForACross.release.xcconfig */;
			buildSettings = {
				ASSETCATALOG_COMPILER_APPICON_NAME = AppIcon;
				ASSETCATALOG_COMPILER_GLOBAL_ACCENT_COLOR_NAME = AccentColor;
				CODE_SIGN_ENTITLEMENTS = "${SRCROOT}/DownForACross/Supporting/Entitlements.entitlements";
				CODE_SIGN_IDENTITY = "Apple Distribution: Justin Hill (6ET9AKX465)";
				CURRENT_PROJECT_VERSION = 3;
				"DEVELOPMENT_TEAM[sdk=iphoneos*]" = 6ET9AKX465;
				ENABLE_USER_SCRIPT_SANDBOXING = NO;
				GENERATE_INFOPLIST_FILE = YES;
				INFOPLIST_FILE = DownForACross/Supporting/Info.plist;
				INFOPLIST_KEY_UIApplicationSupportsIndirectInputEvents = YES;
				INFOPLIST_KEY_UILaunchStoryboardName = LaunchScreen;
				INFOPLIST_KEY_UISupportedInterfaceOrientations_iPad = "UIInterfaceOrientationPortrait UIInterfaceOrientationPortraitUpsideDown UIInterfaceOrientationLandscapeLeft UIInterfaceOrientationLandscapeRight";
				INFOPLIST_KEY_UISupportedInterfaceOrientations_iPhone = "UIInterfaceOrientationPortrait UIInterfaceOrientationLandscapeLeft UIInterfaceOrientationLandscapeRight";
				LD_RUNPATH_SEARCH_PATHS = (
					"$(inherited)",
					"@executable_path/Frameworks",
				);
				MARKETING_VERSION = 0.1.0;
				PRODUCT_BUNDLE_IDENTIFIER = com.justinhill.DownForACross;
				PRODUCT_NAME = "$(TARGET_NAME)";
				PROVISIONING_PROFILE_SPECIFIER = "DFAC Distribution";
				"PROVISIONING_PROFILE_SPECIFIER[sdk=iphoneos*]" = "DFAC Distribution";
				SWIFT_EMIT_LOC_STRINGS = YES;
				SWIFT_VERSION = 5.0;
				TARGETED_DEVICE_FAMILY = "1,2";
			};
			name = Release;
		};
		3BB0FCE32B765BC900CD907C /* Debug (local) */ = {
			isa = XCBuildConfiguration;
			buildSettings = {
				ALWAYS_SEARCH_USER_PATHS = NO;
				ASSETCATALOG_COMPILER_GENERATE_SWIFT_ASSET_SYMBOL_EXTENSIONS = YES;
				CLANG_ANALYZER_NONNULL = YES;
				CLANG_ANALYZER_NUMBER_OBJECT_CONVERSION = YES_AGGRESSIVE;
				CLANG_CXX_LANGUAGE_STANDARD = "gnu++20";
				CLANG_ENABLE_MODULES = YES;
				CLANG_ENABLE_OBJC_ARC = YES;
				CLANG_ENABLE_OBJC_WEAK = YES;
				CLANG_WARN_BLOCK_CAPTURE_AUTORELEASING = YES;
				CLANG_WARN_BOOL_CONVERSION = YES;
				CLANG_WARN_COMMA = YES;
				CLANG_WARN_CONSTANT_CONVERSION = YES;
				CLANG_WARN_DEPRECATED_OBJC_IMPLEMENTATIONS = YES;
				CLANG_WARN_DIRECT_OBJC_ISA_USAGE = YES_ERROR;
				CLANG_WARN_DOCUMENTATION_COMMENTS = YES;
				CLANG_WARN_EMPTY_BODY = YES;
				CLANG_WARN_ENUM_CONVERSION = YES;
				CLANG_WARN_INFINITE_RECURSION = YES;
				CLANG_WARN_INT_CONVERSION = YES;
				CLANG_WARN_NON_LITERAL_NULL_CONVERSION = YES;
				CLANG_WARN_OBJC_IMPLICIT_RETAIN_SELF = YES;
				CLANG_WARN_OBJC_LITERAL_CONVERSION = YES;
				CLANG_WARN_OBJC_ROOT_CLASS = YES_ERROR;
				CLANG_WARN_QUOTED_INCLUDE_IN_FRAMEWORK_HEADER = YES;
				CLANG_WARN_RANGE_LOOP_ANALYSIS = YES;
				CLANG_WARN_STRICT_PROTOTYPES = YES;
				CLANG_WARN_SUSPICIOUS_MOVE = YES;
				CLANG_WARN_UNGUARDED_AVAILABILITY = YES_AGGRESSIVE;
				CLANG_WARN_UNREACHABLE_CODE = YES;
				CLANG_WARN__DUPLICATE_METHOD_MATCH = YES;
				CODE_SIGN_STYLE = Manual;
				COPY_PHASE_STRIP = NO;
				DEBUG_INFORMATION_FORMAT = dwarf;
				ENABLE_STRICT_OBJC_MSGSEND = YES;
				ENABLE_TESTABILITY = YES;
				ENABLE_USER_SCRIPT_SANDBOXING = YES;
				GCC_C_LANGUAGE_STANDARD = gnu17;
				GCC_DYNAMIC_NO_PIC = NO;
				GCC_NO_COMMON_BLOCKS = YES;
				GCC_OPTIMIZATION_LEVEL = 0;
				GCC_PREPROCESSOR_DEFINITIONS = (
					"DEBUG=1",
					"$(inherited)",
				);
				GCC_WARN_64_TO_32_BIT_CONVERSION = YES;
				GCC_WARN_ABOUT_RETURN_TYPE = YES_ERROR;
				GCC_WARN_UNDECLARED_SELECTOR = YES;
				GCC_WARN_UNINITIALIZED_AUTOS = YES_AGGRESSIVE;
				GCC_WARN_UNUSED_FUNCTION = YES;
				GCC_WARN_UNUSED_VARIABLE = YES;
				IPHONEOS_DEPLOYMENT_TARGET = 17.2;
				LOCALIZATION_PREFERS_STRING_CATALOGS = YES;
				MTL_ENABLE_DEBUG_INFO = INCLUDE_SOURCE;
				MTL_FAST_MATH = YES;
				ONLY_ACTIVE_ARCH = YES;
				OTHER_SWIFT_FLAGS = "-DDFAC_LOCAL_SERVER";
				SDKROOT = iphoneos;
				SWIFT_ACTIVE_COMPILATION_CONDITIONS = "DEBUG $(inherited)";
				SWIFT_OPTIMIZATION_LEVEL = "-Onone";
			};
			name = "Debug (local)";
		};
		3BB0FCE42B765BC900CD907C /* Debug (local) */ = {
			isa = XCBuildConfiguration;
			baseConfigurationReference = 4D7944475CB6938B17ECC264 /* Pods-DownForACross.debug (local).xcconfig */;
			buildSettings = {
				ASSETCATALOG_COMPILER_APPICON_NAME = AppIcon;
				ASSETCATALOG_COMPILER_GLOBAL_ACCENT_COLOR_NAME = AccentColor;
				CODE_SIGN_ENTITLEMENTS = "${SRCROOT}/DownForACross/Supporting/Entitlements.entitlements";
				CODE_SIGN_IDENTITY = "Apple Development: Justin Hill (2C45PT62RN)";
				CURRENT_PROJECT_VERSION = 3;
				"DEVELOPMENT_TEAM[sdk=iphoneos*]" = 6ET9AKX465;
				ENABLE_USER_SCRIPT_SANDBOXING = NO;
				GENERATE_INFOPLIST_FILE = YES;
				INFOPLIST_FILE = DownForACross/Supporting/Info.plist;
				INFOPLIST_KEY_UIApplicationSupportsIndirectInputEvents = YES;
				INFOPLIST_KEY_UILaunchStoryboardName = LaunchScreen;
				INFOPLIST_KEY_UISupportedInterfaceOrientations_iPad = "UIInterfaceOrientationPortrait UIInterfaceOrientationPortraitUpsideDown UIInterfaceOrientationLandscapeLeft UIInterfaceOrientationLandscapeRight";
				INFOPLIST_KEY_UISupportedInterfaceOrientations_iPhone = "UIInterfaceOrientationPortrait UIInterfaceOrientationLandscapeLeft UIInterfaceOrientationLandscapeRight";
				LD_RUNPATH_SEARCH_PATHS = (
					"$(inherited)",
					"@executable_path/Frameworks",
				);
				MARKETING_VERSION = 0.1.0;
				OTHER_SWIFT_FLAGS = "-D COCOAPODS $(inherited)";
				PRODUCT_BUNDLE_IDENTIFIER = com.justinhill.DownForACross;
				PRODUCT_NAME = "$(TARGET_NAME)";
				PROVISIONING_PROFILE_SPECIFIER = "DFAC Development";
				"PROVISIONING_PROFILE_SPECIFIER[sdk=iphoneos*]" = "DFAC Development";
				SWIFT_EMIT_LOC_STRINGS = YES;
				SWIFT_VERSION = 5.0;
				TARGETED_DEVICE_FAMILY = "1,2";
			};
			name = "Debug (local)";
		};
/* End XCBuildConfiguration section */

/* Begin XCConfigurationList section */
		3B011DDD2B30BED400BDB732 /* Build configuration list for PBXProject "DownForACross" */ = {
			isa = XCConfigurationList;
			buildConfigurations = (
				3B011DF42B30BED500BDB732 /* Debug */,
				3BB0FCE32B765BC900CD907C /* Debug (local) */,
				3B011DF52B30BED500BDB732 /* Release */,
			);
			defaultConfigurationIsVisible = 0;
			defaultConfigurationName = Release;
		};
		3B011DF62B30BED500BDB732 /* Build configuration list for PBXNativeTarget "DownForACross" */ = {
			isa = XCConfigurationList;
			buildConfigurations = (
				3B011DF72B30BED500BDB732 /* Debug */,
				3BB0FCE42B765BC900CD907C /* Debug (local) */,
				3B011DF82B30BED500BDB732 /* Release */,
			);
			defaultConfigurationIsVisible = 0;
			defaultConfigurationName = Release;
		};
/* End XCConfigurationList section */
	};
	rootObject = 3B011DDA2B30BED400BDB732 /* Project object */;
}
