// !$*UTF8*$!
{
	archiveVersion = 1;
	classes = {
	};
	objectVersion = 56;
	objects = {

/* Begin PBXBuildFile section */
		3B011DE62B30BED400BDB732 /* AppDelegate.swift in Sources */ = {isa = PBXBuildFile; fileRef = 3B011DE52B30BED400BDB732 /* AppDelegate.swift */; };
		3B011DE82B30BED400BDB732 /* SceneDelegate.swift in Sources */ = {isa = PBXBuildFile; fileRef = 3B011DE72B30BED400BDB732 /* SceneDelegate.swift */; };
		3B011DEA2B30BED400BDB732 /* PuzzleListViewController.swift in Sources */ = {isa = PBXBuildFile; fileRef = 3B011DE92B30BED400BDB732 /* PuzzleListViewController.swift */; };
		3B011DED2B30BED400BDB732 /* Main.storyboard in Resources */ = {isa = PBXBuildFile; fileRef = 3B011DEB2B30BED400BDB732 /* Main.storyboard */; };
		3B011DEF2B30BED500BDB732 /* Assets.xcassets in Resources */ = {isa = PBXBuildFile; fileRef = 3B011DEE2B30BED500BDB732 /* Assets.xcassets */; };
		3B011DF22B30BED500BDB732 /* LaunchScreen.storyboard in Resources */ = {isa = PBXBuildFile; fileRef = 3B011DF02B30BED500BDB732 /* LaunchScreen.storyboard */; };
		3B011DFA2B30BFF000BDB732 /* API.swift in Sources */ = {isa = PBXBuildFile; fileRef = 3B011DF92B30BFF000BDB732 /* API.swift */; };
		3B011DFD2B30C02F00BDB732 /* ListPuzzle.swift in Sources */ = {isa = PBXBuildFile; fileRef = 3B011DFC2B30C02F00BDB732 /* ListPuzzle.swift */; };
		3B011DFF2B30C03500BDB732 /* Puzzle.swift in Sources */ = {isa = PBXBuildFile; fileRef = 3B011DFE2B30C03500BDB732 /* Puzzle.swift */; };
		3B011E012B30C04C00BDB732 /* PuzzleStats.swift in Sources */ = {isa = PBXBuildFile; fileRef = 3B011E002B30C04C00BDB732 /* PuzzleStats.swift */; };
		3B9003382B34CDA20088729C /* GameClient.swift in Sources */ = {isa = PBXBuildFile; fileRef = 3B9003372B34CDA20088729C /* GameClient.swift */; };
		3B90033B2B34E9AF0088729C /* UpdateCursorEvent.swift in Sources */ = {isa = PBXBuildFile; fileRef = 3B90033A2B34E9AF0088729C /* UpdateCursorEvent.swift */; };
		3B90033D2B35D5960088729C /* UpdateCellEvent.swift in Sources */ = {isa = PBXBuildFile; fileRef = 3B90033C2B35D5960088729C /* UpdateCellEvent.swift */; };
		3B90033F2B35D5D90088729C /* SharedTypes.swift in Sources */ = {isa = PBXBuildFile; fileRef = 3B90033E2B35D5D90088729C /* SharedTypes.swift */; };
		3BF367302B313374005BB41E /* PuzzleViewController.swift in Sources */ = {isa = PBXBuildFile; fileRef = 3BF3672F2B313374005BB41E /* PuzzleViewController.swift */; };
		3BF367322B313675005BB41E /* PuzzleView.swift in Sources */ = {isa = PBXBuildFile; fileRef = 3BF367312B313675005BB41E /* PuzzleView.swift */; };
		3FBBB0BA39E20B71AA8BC150 /* Pods_DownForACross.framework in Frameworks */ = {isa = PBXBuildFile; fileRef = BCAD19FE3621A683BFFFBB76 /* Pods_DownForACross.framework */; };
/* End PBXBuildFile section */

/* Begin PBXFileReference section */
		2201460A45D1B9953767CD6D /* Pods-DownForACross.release.xcconfig */ = {isa = PBXFileReference; includeInIndex = 1; lastKnownFileType = text.xcconfig; name = "Pods-DownForACross.release.xcconfig"; path = "Target Support Files/Pods-DownForACross/Pods-DownForACross.release.xcconfig"; sourceTree = "<group>"; };
		3B011DE22B30BED400BDB732 /* DownForACross.app */ = {isa = PBXFileReference; explicitFileType = wrapper.application; includeInIndex = 0; path = DownForACross.app; sourceTree = BUILT_PRODUCTS_DIR; };
		3B011DE52B30BED400BDB732 /* AppDelegate.swift */ = {isa = PBXFileReference; lastKnownFileType = sourcecode.swift; path = AppDelegate.swift; sourceTree = "<group>"; };
		3B011DE72B30BED400BDB732 /* SceneDelegate.swift */ = {isa = PBXFileReference; lastKnownFileType = sourcecode.swift; path = SceneDelegate.swift; sourceTree = "<group>"; };
		3B011DE92B30BED400BDB732 /* PuzzleListViewController.swift */ = {isa = PBXFileReference; lastKnownFileType = sourcecode.swift; path = PuzzleListViewController.swift; sourceTree = "<group>"; };
		3B011DEC2B30BED400BDB732 /* Base */ = {isa = PBXFileReference; lastKnownFileType = file.storyboard; name = Base; path = Base.lproj/Main.storyboard; sourceTree = "<group>"; };
		3B011DEE2B30BED500BDB732 /* Assets.xcassets */ = {isa = PBXFileReference; lastKnownFileType = folder.assetcatalog; path = Assets.xcassets; sourceTree = "<group>"; };
		3B011DF12B30BED500BDB732 /* Base */ = {isa = PBXFileReference; lastKnownFileType = file.storyboard; name = Base; path = Base.lproj/LaunchScreen.storyboard; sourceTree = "<group>"; };
		3B011DF32B30BED500BDB732 /* Info.plist */ = {isa = PBXFileReference; lastKnownFileType = text.plist.xml; path = Info.plist; sourceTree = "<group>"; };
		3B011DF92B30BFF000BDB732 /* API.swift */ = {isa = PBXFileReference; lastKnownFileType = sourcecode.swift; path = API.swift; sourceTree = "<group>"; };
		3B011DFC2B30C02F00BDB732 /* ListPuzzle.swift */ = {isa = PBXFileReference; lastKnownFileType = sourcecode.swift; path = ListPuzzle.swift; sourceTree = "<group>"; };
		3B011DFE2B30C03500BDB732 /* Puzzle.swift */ = {isa = PBXFileReference; lastKnownFileType = sourcecode.swift; path = Puzzle.swift; sourceTree = "<group>"; };
		3B011E002B30C04C00BDB732 /* PuzzleStats.swift */ = {isa = PBXFileReference; lastKnownFileType = sourcecode.swift; path = PuzzleStats.swift; sourceTree = "<group>"; };
		3B9003372B34CDA20088729C /* GameClient.swift */ = {isa = PBXFileReference; lastKnownFileType = sourcecode.swift; path = GameClient.swift; sourceTree = "<group>"; };
		3B90033A2B34E9AF0088729C /* UpdateCursorEvent.swift */ = {isa = PBXFileReference; lastKnownFileType = sourcecode.swift; path = UpdateCursorEvent.swift; sourceTree = "<group>"; };
		3B90033C2B35D5960088729C /* UpdateCellEvent.swift */ = {isa = PBXFileReference; lastKnownFileType = sourcecode.swift; path = UpdateCellEvent.swift; sourceTree = "<group>"; };
		3B90033E2B35D5D90088729C /* SharedTypes.swift */ = {isa = PBXFileReference; lastKnownFileType = sourcecode.swift; path = SharedTypes.swift; sourceTree = "<group>"; };
		3BF3672F2B313374005BB41E /* PuzzleViewController.swift */ = {isa = PBXFileReference; lastKnownFileType = sourcecode.swift; path = PuzzleViewController.swift; sourceTree = "<group>"; };
		3BF367312B313675005BB41E /* PuzzleView.swift */ = {isa = PBXFileReference; lastKnownFileType = sourcecode.swift; path = PuzzleView.swift; sourceTree = "<group>"; };
		BCAD19FE3621A683BFFFBB76 /* Pods_DownForACross.framework */ = {isa = PBXFileReference; explicitFileType = wrapper.framework; includeInIndex = 0; path = Pods_DownForACross.framework; sourceTree = BUILT_PRODUCTS_DIR; };
		C680CE75A27F372DF4D5A98A /* Pods-DownForACross.debug.xcconfig */ = {isa = PBXFileReference; includeInIndex = 1; lastKnownFileType = text.xcconfig; name = "Pods-DownForACross.debug.xcconfig"; path = "Target Support Files/Pods-DownForACross/Pods-DownForACross.debug.xcconfig"; sourceTree = "<group>"; };
/* End PBXFileReference section */

/* Begin PBXFrameworksBuildPhase section */
		3B011DDF2B30BED400BDB732 /* Frameworks */ = {
			isa = PBXFrameworksBuildPhase;
			buildActionMask = 2147483647;
			files = (
				3FBBB0BA39E20B71AA8BC150 /* Pods_DownForACross.framework in Frameworks */,
			);
			runOnlyForDeploymentPostprocessing = 0;
		};
/* End PBXFrameworksBuildPhase section */

/* Begin PBXGroup section */
		3B011DD92B30BED400BDB732 = {
			isa = PBXGroup;
			children = (
				3B011DE42B30BED400BDB732 /* DownForACross */,
				3B011DE32B30BED400BDB732 /* Products */,
				53F62DDFE970C11E954F1973 /* Pods */,
				AF62396F0B73A7732F8102B7 /* Frameworks */,
			);
			sourceTree = "<group>";
		};
		3B011DE32B30BED400BDB732 /* Products */ = {
			isa = PBXGroup;
			children = (
				3B011DE22B30BED400BDB732 /* DownForACross.app */,
			);
			name = Products;
			sourceTree = "<group>";
		};
		3B011DE42B30BED400BDB732 /* DownForACross */ = {
			isa = PBXGroup;
			children = (
				3B011DFB2B30C01F00BDB732 /* Model */,
				3B011DE52B30BED400BDB732 /* AppDelegate.swift */,
				3B011DE72B30BED400BDB732 /* SceneDelegate.swift */,
				3B011DE92B30BED400BDB732 /* PuzzleListViewController.swift */,
				3BF3672F2B313374005BB41E /* PuzzleViewController.swift */,
				3B9003372B34CDA20088729C /* GameClient.swift */,
				3BF367312B313675005BB41E /* PuzzleView.swift */,
				3B011DEB2B30BED400BDB732 /* Main.storyboard */,
				3B011DEE2B30BED500BDB732 /* Assets.xcassets */,
				3B011DF02B30BED500BDB732 /* LaunchScreen.storyboard */,
				3B011DF32B30BED500BDB732 /* Info.plist */,
				3B011DF92B30BFF000BDB732 /* API.swift */,
			);
			path = DownForACross;
			sourceTree = "<group>";
		};
		3B011DFB2B30C01F00BDB732 /* Model */ = {
			isa = PBXGroup;
			children = (
				3B9003392B34E99B0088729C /* Game Events */,
				3B011DFC2B30C02F00BDB732 /* ListPuzzle.swift */,
				3B011DFE2B30C03500BDB732 /* Puzzle.swift */,
				3B011E002B30C04C00BDB732 /* PuzzleStats.swift */,
			);
			path = Model;
			sourceTree = "<group>";
		};
		3B9003392B34E99B0088729C /* Game Events */ = {
			isa = PBXGroup;
			children = (
				3B90033A2B34E9AF0088729C /* UpdateCursorEvent.swift */,
				3B90033C2B35D5960088729C /* UpdateCellEvent.swift */,
				3B90033E2B35D5D90088729C /* SharedTypes.swift */,
			);
			path = "Game Events";
			sourceTree = "<group>";
		};
		53F62DDFE970C11E954F1973 /* Pods */ = {
			isa = PBXGroup;
			children = (
				C680CE75A27F372DF4D5A98A /* Pods-DownForACross.debug.xcconfig */,
				2201460A45D1B9953767CD6D /* Pods-DownForACross.release.xcconfig */,
			);
			path = Pods;
			sourceTree = "<group>";
		};
		AF62396F0B73A7732F8102B7 /* Frameworks */ = {
			isa = PBXGroup;
			children = (
				BCAD19FE3621A683BFFFBB76 /* Pods_DownForACross.framework */,
			);
			name = Frameworks;
			sourceTree = "<group>";
		};
/* End PBXGroup section */

/* Begin PBXNativeTarget section */
		3B011DE12B30BED400BDB732 /* DownForACross */ = {
			isa = PBXNativeTarget;
			buildConfigurationList = 3B011DF62B30BED500BDB732 /* Build configuration list for PBXNativeTarget "DownForACross" */;
			buildPhases = (
				5D0106903986FF39A483319D /* [CP] Check Pods Manifest.lock */,
				3B011DDE2B30BED400BDB732 /* Sources */,
				3B011DDF2B30BED400BDB732 /* Frameworks */,
				3B011DE02B30BED400BDB732 /* Resources */,
				2E34759C8A93A009D114CFF1 /* [CP] Embed Pods Frameworks */,
			);
			buildRules = (
			);
			dependencies = (
			);
			name = DownForACross;
			productName = DownForACross;
			productReference = 3B011DE22B30BED400BDB732 /* DownForACross.app */;
			productType = "com.apple.product-type.application";
		};
/* End PBXNativeTarget section */

/* Begin PBXProject section */
		3B011DDA2B30BED400BDB732 /* Project object */ = {
			isa = PBXProject;
			attributes = {
				BuildIndependentTargetsInParallel = 1;
				LastSwiftUpdateCheck = 1510;
				LastUpgradeCheck = 1510;
				TargetAttributes = {
					3B011DE12B30BED400BDB732 = {
						CreatedOnToolsVersion = 15.1;
					};
				};
			};
			buildConfigurationList = 3B011DDD2B30BED400BDB732 /* Build configuration list for PBXProject "DownForACross" */;
			compatibilityVersion = "Xcode 14.0";
			developmentRegion = en;
			hasScannedForEncodings = 0;
			knownRegions = (
				en,
				Base,
			);
			mainGroup = 3B011DD92B30BED400BDB732;
			productRefGroup = 3B011DE32B30BED400BDB732 /* Products */;
			projectDirPath = "";
			projectRoot = "";
			targets = (
				3B011DE12B30BED400BDB732 /* DownForACross */,
			);
		};
/* End PBXProject section */

/* Begin PBXResourcesBuildPhase section */
		3B011DE02B30BED400BDB732 /* Resources */ = {
			isa = PBXResourcesBuildPhase;
			buildActionMask = 2147483647;
			files = (
				3B011DF22B30BED500BDB732 /* LaunchScreen.storyboard in Resources */,
				3B011DEF2B30BED500BDB732 /* Assets.xcassets in Resources */,
				3B011DED2B30BED400BDB732 /* Main.storyboard in Resources */,
			);
			runOnlyForDeploymentPostprocessing = 0;
		};
/* End PBXResourcesBuildPhase section */

/* Begin PBXShellScriptBuildPhase section */
		2E34759C8A93A009D114CFF1 /* [CP] Embed Pods Frameworks */ = {
			isa = PBXShellScriptBuildPhase;
			buildActionMask = 2147483647;
			files = (
			);
			inputFileListPaths = (
				"${PODS_ROOT}/Target Support Files/Pods-DownForACross/Pods-DownForACross-frameworks-${CONFIGURATION}-input-files.xcfilelist",
			);
			name = "[CP] Embed Pods Frameworks";
			outputFileListPaths = (
				"${PODS_ROOT}/Target Support Files/Pods-DownForACross/Pods-DownForACross-frameworks-${CONFIGURATION}-output-files.xcfilelist",
			);
			runOnlyForDeploymentPostprocessing = 0;
			shellPath = /bin/sh;
			shellScript = "\"${PODS_ROOT}/Target Support Files/Pods-DownForACross/Pods-DownForACross-frameworks.sh\"\n";
			showEnvVarsInLog = 0;
		};
		5D0106903986FF39A483319D /* [CP] Check Pods Manifest.lock */ = {
			isa = PBXShellScriptBuildPhase;
			buildActionMask = 2147483647;
			files = (
			);
			inputFileListPaths = (
			);
			inputPaths = (
				"${PODS_PODFILE_DIR_PATH}/Podfile.lock",
				"${PODS_ROOT}/Manifest.lock",
			);
			name = "[CP] Check Pods Manifest.lock";
			outputFileListPaths = (
			);
			outputPaths = (
				"$(DERIVED_FILE_DIR)/Pods-DownForACross-checkManifestLockResult.txt",
			);
			runOnlyForDeploymentPostprocessing = 0;
			shellPath = /bin/sh;
			shellScript = "diff \"${PODS_PODFILE_DIR_PATH}/Podfile.lock\" \"${PODS_ROOT}/Manifest.lock\" > /dev/null\nif [ $? != 0 ] ; then\n    # print error to STDERR\n    echo \"error: The sandbox is not in sync with the Podfile.lock. Run 'pod install' or update your CocoaPods installation.\" >&2\n    exit 1\nfi\n# This output is used by Xcode 'outputs' to avoid re-running this script phase.\necho \"SUCCESS\" > \"${SCRIPT_OUTPUT_FILE_0}\"\n";
			showEnvVarsInLog = 0;
		};
/* End PBXShellScriptBuildPhase section */

/* Begin PBXSourcesBuildPhase section */
		3B011DDE2B30BED400BDB732 /* Sources */ = {
			isa = PBXSourcesBuildPhase;
			buildActionMask = 2147483647;
			files = (
				3B011DEA2B30BED400BDB732 /* PuzzleListViewController.swift in Sources */,
				3B90033D2B35D5960088729C /* UpdateCellEvent.swift in Sources */,
				3B011DE62B30BED400BDB732 /* AppDelegate.swift in Sources */,
				3BF367322B313675005BB41E /* PuzzleView.swift in Sources */,
				3B90033F2B35D5D90088729C /* SharedTypes.swift in Sources */,
				3B011DFA2B30BFF000BDB732 /* API.swift in Sources */,
				3B9003382B34CDA20088729C /* GameClient.swift in Sources */,
				3B011DFF2B30C03500BDB732 /* Puzzle.swift in Sources */,
				3B011E012B30C04C00BDB732 /* PuzzleStats.swift in Sources */,
				3B011DE82B30BED400BDB732 /* SceneDelegate.swift in Sources */,
				3BF367302B313374005BB41E /* PuzzleViewController.swift in Sources */,
				3B011DFD2B30C02F00BDB732 /* ListPuzzle.swift in Sources */,
				3B90033B2B34E9AF0088729C /* UpdateCursorEvent.swift in Sources */,
			);
			runOnlyForDeploymentPostprocessing = 0;
		};
/* End PBXSourcesBuildPhase section */

/* Begin PBXVariantGroup section */
		3B011DEB2B30BED400BDB732 /* Main.storyboard */ = {
			isa = PBXVariantGroup;
			children = (
				3B011DEC2B30BED400BDB732 /* Base */,
			);
			name = Main.storyboard;
			sourceTree = "<group>";
		};
		3B011DF02B30BED500BDB732 /* LaunchScreen.storyboard */ = {
			isa = PBXVariantGroup;
			children = (
				3B011DF12B30BED500BDB732 /* Base */,
			);
			name = LaunchScreen.storyboard;
			sourceTree = "<group>";
		};
/* End PBXVariantGroup section */

/* Begin XCBuildConfiguration section */
		3B011DF42B30BED500BDB732 /* Debug */ = {
			isa = XCBuildConfiguration;
			buildSettings = {
				ALWAYS_SEARCH_USER_PATHS = NO;
				ASSETCATALOG_COMPILER_GENERATE_SWIFT_ASSET_SYMBOL_EXTENSIONS = YES;
				CLANG_ANALYZER_NONNULL = YES;
				CLANG_ANALYZER_NUMBER_OBJECT_CONVERSION = YES_AGGRESSIVE;
				CLANG_CXX_LANGUAGE_STANDARD = "gnu++20";
				CLANG_ENABLE_MODULES = YES;
				CLANG_ENABLE_OBJC_ARC = YES;
				CLANG_ENABLE_OBJC_WEAK = YES;
				CLANG_WARN_BLOCK_CAPTURE_AUTORELEASING = YES;
				CLANG_WARN_BOOL_CONVERSION = YES;
				CLANG_WARN_COMMA = YES;
				CLANG_WARN_CONSTANT_CONVERSION = YES;
				CLANG_WARN_DEPRECATED_OBJC_IMPLEMENTATIONS = YES;
				CLANG_WARN_DIRECT_OBJC_ISA_USAGE = YES_ERROR;
				CLANG_WARN_DOCUMENTATION_COMMENTS = YES;
				CLANG_WARN_EMPTY_BODY = YES;
				CLANG_WARN_ENUM_CONVERSION = YES;
				CLANG_WARN_INFINITE_RECURSION = YES;
				CLANG_WARN_INT_CONVERSION = YES;
				CLANG_WARN_NON_LITERAL_NULL_CONVERSION = YES;
				CLANG_WARN_OBJC_IMPLICIT_RETAIN_SELF = YES;
				CLANG_WARN_OBJC_LITERAL_CONVERSION = YES;
				CLANG_WARN_OBJC_ROOT_CLASS = YES_ERROR;
				CLANG_WARN_QUOTED_INCLUDE_IN_FRAMEWORK_HEADER = YES;
				CLANG_WARN_RANGE_LOOP_ANALYSIS = YES;
				CLANG_WARN_STRICT_PROTOTYPES = YES;
				CLANG_WARN_SUSPICIOUS_MOVE = YES;
				CLANG_WARN_UNGUARDED_AVAILABILITY = YES_AGGRESSIVE;
				CLANG_WARN_UNREACHABLE_CODE = YES;
				CLANG_WARN__DUPLICATE_METHOD_MATCH = YES;
				COPY_PHASE_STRIP = NO;
				DEBUG_INFORMATION_FORMAT = dwarf;
				ENABLE_STRICT_OBJC_MSGSEND = YES;
				ENABLE_TESTABILITY = YES;
				ENABLE_USER_SCRIPT_SANDBOXING = YES;
				GCC_C_LANGUAGE_STANDARD = gnu17;
				GCC_DYNAMIC_NO_PIC = NO;
				GCC_NO_COMMON_BLOCKS = YES;
				GCC_OPTIMIZATION_LEVEL = 0;
				GCC_PREPROCESSOR_DEFINITIONS = (
					"DEBUG=1",
					"$(inherited)",
				);
				GCC_WARN_64_TO_32_BIT_CONVERSION = YES;
				GCC_WARN_ABOUT_RETURN_TYPE = YES_ERROR;
				GCC_WARN_UNDECLARED_SELECTOR = YES;
				GCC_WARN_UNINITIALIZED_AUTOS = YES_AGGRESSIVE;
				GCC_WARN_UNUSED_FUNCTION = YES;
				GCC_WARN_UNUSED_VARIABLE = YES;
				IPHONEOS_DEPLOYMENT_TARGET = 17.2;
				LOCALIZATION_PREFERS_STRING_CATALOGS = YES;
				MTL_ENABLE_DEBUG_INFO = INCLUDE_SOURCE;
				MTL_FAST_MATH = YES;
				ONLY_ACTIVE_ARCH = YES;
				SDKROOT = iphoneos;
				SWIFT_ACTIVE_COMPILATION_CONDITIONS = "DEBUG $(inherited)";
				SWIFT_OPTIMIZATION_LEVEL = "-Onone";
			};
			name = Debug;
		};
		3B011DF52B30BED500BDB732 /* Release */ = {
			isa = XCBuildConfiguration;
			buildSettings = {
				ALWAYS_SEARCH_USER_PATHS = NO;
				ASSETCATALOG_COMPILER_GENERATE_SWIFT_ASSET_SYMBOL_EXTENSIONS = YES;
				CLANG_ANALYZER_NONNULL = YES;
				CLANG_ANALYZER_NUMBER_OBJECT_CONVERSION = YES_AGGRESSIVE;
				CLANG_CXX_LANGUAGE_STANDARD = "gnu++20";
				CLANG_ENABLE_MODULES = YES;
				CLANG_ENABLE_OBJC_ARC = YES;
				CLANG_ENABLE_OBJC_WEAK = YES;
				CLANG_WARN_BLOCK_CAPTURE_AUTORELEASING = YES;
				CLANG_WARN_BOOL_CONVERSION = YES;
				CLANG_WARN_COMMA = YES;
				CLANG_WARN_CONSTANT_CONVERSION = YES;
				CLANG_WARN_DEPRECATED_OBJC_IMPLEMENTATIONS = YES;
				CLANG_WARN_DIRECT_OBJC_ISA_USAGE = YES_ERROR;
				CLANG_WARN_DOCUMENTATION_COMMENTS = YES;
				CLANG_WARN_EMPTY_BODY = YES;
				CLANG_WARN_ENUM_CONVERSION = YES;
				CLANG_WARN_INFINITE_RECURSION = YES;
				CLANG_WARN_INT_CONVERSION = YES;
				CLANG_WARN_NON_LITERAL_NULL_CONVERSION = YES;
				CLANG_WARN_OBJC_IMPLICIT_RETAIN_SELF = YES;
				CLANG_WARN_OBJC_LITERAL_CONVERSION = YES;
				CLANG_WARN_OBJC_ROOT_CLASS = YES_ERROR;
				CLANG_WARN_QUOTED_INCLUDE_IN_FRAMEWORK_HEADER = YES;
				CLANG_WARN_RANGE_LOOP_ANALYSIS = YES;
				CLANG_WARN_STRICT_PROTOTYPES = YES;
				CLANG_WARN_SUSPICIOUS_MOVE = YES;
				CLANG_WARN_UNGUARDED_AVAILABILITY = YES_AGGRESSIVE;
				CLANG_WARN_UNREACHABLE_CODE = YES;
				CLANG_WARN__DUPLICATE_METHOD_MATCH = YES;
				COPY_PHASE_STRIP = NO;
				DEBUG_INFORMATION_FORMAT = "dwarf-with-dsym";
				ENABLE_NS_ASSERTIONS = NO;
				ENABLE_STRICT_OBJC_MSGSEND = YES;
				ENABLE_USER_SCRIPT_SANDBOXING = YES;
				GCC_C_LANGUAGE_STANDARD = gnu17;
				GCC_NO_COMMON_BLOCKS = YES;
				GCC_WARN_64_TO_32_BIT_CONVERSION = YES;
				GCC_WARN_ABOUT_RETURN_TYPE = YES_ERROR;
				GCC_WARN_UNDECLARED_SELECTOR = YES;
				GCC_WARN_UNINITIALIZED_AUTOS = YES_AGGRESSIVE;
				GCC_WARN_UNUSED_FUNCTION = YES;
				GCC_WARN_UNUSED_VARIABLE = YES;
				IPHONEOS_DEPLOYMENT_TARGET = 17.2;
				LOCALIZATION_PREFERS_STRING_CATALOGS = YES;
				MTL_ENABLE_DEBUG_INFO = NO;
				MTL_FAST_MATH = YES;
				SDKROOT = iphoneos;
				SWIFT_COMPILATION_MODE = wholemodule;
				VALIDATE_PRODUCT = YES;
			};
			name = Release;
		};
		3B011DF72B30BED500BDB732 /* Debug */ = {
			isa = XCBuildConfiguration;
			baseConfigurationReference = C680CE75A27F372DF4D5A98A /* Pods-DownForACross.debug.xcconfig */;
			buildSettings = {
				ASSETCATALOG_COMPILER_APPICON_NAME = AppIcon;
				ASSETCATALOG_COMPILER_GLOBAL_ACCENT_COLOR_NAME = AccentColor;
				CODE_SIGN_STYLE = Automatic;
				CURRENT_PROJECT_VERSION = 1;
				DEVELOPMENT_TEAM = B4HG869SCZ;
				ENABLE_USER_SCRIPT_SANDBOXING = NO;
				GENERATE_INFOPLIST_FILE = YES;
				INFOPLIST_FILE = DownForACross/Info.plist;
				INFOPLIST_KEY_UIApplicationSupportsIndirectInputEvents = YES;
				INFOPLIST_KEY_UILaunchStoryboardName = LaunchScreen;
				INFOPLIST_KEY_UIMainStoryboardFile = Main;
				INFOPLIST_KEY_UISupportedInterfaceOrientations_iPad = "UIInterfaceOrientationPortrait UIInterfaceOrientationPortraitUpsideDown UIInterfaceOrientationLandscapeLeft UIInterfaceOrientationLandscapeRight";
				INFOPLIST_KEY_UISupportedInterfaceOrientations_iPhone = "UIInterfaceOrientationPortrait UIInterfaceOrientationLandscapeLeft UIInterfaceOrientationLandscapeRight";
				LD_RUNPATH_SEARCH_PATHS = (
					"$(inherited)",
					"@executable_path/Frameworks",
				);
				MARKETING_VERSION = 1.0;
				PRODUCT_BUNDLE_IDENTIFIER = com.justinhill.DownForACross;
				PRODUCT_NAME = "$(TARGET_NAME)";
				SWIFT_EMIT_LOC_STRINGS = YES;
				SWIFT_VERSION = 5.0;
				TARGETED_DEVICE_FAMILY = "1,2";
			};
			name = Debug;
		};
		3B011DF82B30BED500BDB732 /* Release */ = {
			isa = XCBuildConfiguration;
			baseConfigurationReference = 2201460A45D1B9953767CD6D /* Pods-DownForACross.release.xcconfig */;
			buildSettings = {
				ASSETCATALOG_COMPILER_APPICON_NAME = AppIcon;
				ASSETCATALOG_COMPILER_GLOBAL_ACCENT_COLOR_NAME = AccentColor;
				CODE_SIGN_STYLE = Automatic;
				CURRENT_PROJECT_VERSION = 1;
				DEVELOPMENT_TEAM = B4HG869SCZ;
				ENABLE_USER_SCRIPT_SANDBOXING = NO;
				GENERATE_INFOPLIST_FILE = YES;
				INFOPLIST_FILE = DownForACross/Info.plist;
				INFOPLIST_KEY_UIApplicationSupportsIndirectInputEvents = YES;
				INFOPLIST_KEY_UILaunchStoryboardName = LaunchScreen;
				INFOPLIST_KEY_UIMainStoryboardFile = Main;
				INFOPLIST_KEY_UISupportedInterfaceOrientations_iPad = "UIInterfaceOrientationPortrait UIInterfaceOrientationPortraitUpsideDown UIInterfaceOrientationLandscapeLeft UIInterfaceOrientationLandscapeRight";
				INFOPLIST_KEY_UISupportedInterfaceOrientations_iPhone = "UIInterfaceOrientationPortrait UIInterfaceOrientationLandscapeLeft UIInterfaceOrientationLandscapeRight";
				LD_RUNPATH_SEARCH_PATHS = (
					"$(inherited)",
					"@executable_path/Frameworks",
				);
				MARKETING_VERSION = 1.0;
				PRODUCT_BUNDLE_IDENTIFIER = com.justinhill.DownForACross;
				PRODUCT_NAME = "$(TARGET_NAME)";
				SWIFT_EMIT_LOC_STRINGS = YES;
				SWIFT_VERSION = 5.0;
				TARGETED_DEVICE_FAMILY = "1,2";
			};
			name = Release;
		};
/* End XCBuildConfiguration section */

/* Begin XCConfigurationList section */
		3B011DDD2B30BED400BDB732 /* Build configuration list for PBXProject "DownForACross" */ = {
			isa = XCConfigurationList;
			buildConfigurations = (
				3B011DF42B30BED500BDB732 /* Debug */,
				3B011DF52B30BED500BDB732 /* Release */,
			);
			defaultConfigurationIsVisible = 0;
			defaultConfigurationName = Release;
		};
		3B011DF62B30BED500BDB732 /* Build configuration list for PBXNativeTarget "DownForACross" */ = {
			isa = XCConfigurationList;
			buildConfigurations = (
				3B011DF72B30BED500BDB732 /* Debug */,
				3B011DF82B30BED500BDB732 /* Release */,
			);
			defaultConfigurationIsVisible = 0;
			defaultConfigurationName = Release;
		};
/* End XCConfigurationList section */
	};
	rootObject = 3B011DDA2B30BED400BDB732 /* Project object */;
}
